// !$*UTF8*$!
{
	archiveVersion = 1;
	classes = {
	};
	objectVersion = 46;
	objects = {

/* Begin PBXBuildFile section */
		B5094EF11625C6E300947FAC /* background@2x.png in Resources */ = {isa = PBXBuildFile; fileRef = B5094EF01625C6E300947FAC /* background@2x.png */; };
		B5094EF71625E7F500947FAC /* FFBaseTableViewController.m in Sources */ = {isa = PBXBuildFile; fileRef = B5094EF61625E7F500947FAC /* FFBaseTableViewController.m */; };
		B5094EF91625EB9F00947FAC /* background.png in Resources */ = {isa = PBXBuildFile; fileRef = B5094EF81625EB9F00947FAC /* background.png */; };
		B5094F081626040300947FAC /* FFBaseCell.m in Sources */ = {isa = PBXBuildFile; fileRef = B5094F071626040300947FAC /* FFBaseCell.m */; };
		B516A047161E000200736C70 /* FFBaseTestCase.m in Sources */ = {isa = PBXBuildFile; fileRef = B516A046161E000200736C70 /* FFBaseTestCase.m */; };
		B521AC07162B64500009A8E4 /* FFTableFooterButtonView.m in Sources */ = {isa = PBXBuildFile; fileRef = B521AC06162B64500009A8E4 /* FFTableFooterButtonView.m */; };
		B5332391161F4BA30094D2DF /* Factories.m in Sources */ = {isa = PBXBuildFile; fileRef = B5332390161F4BA30094D2DF /* Factories.m */; };
		B54AA0F5162EFDE100F2A3CB /* logo_p.png in Resources */ = {isa = PBXBuildFile; fileRef = B54AA0F3162EFDE100F2A3CB /* logo_p.png */; };
		B54AA0F6162EFDE100F2A3CB /* logo_p@2x.png in Resources */ = {isa = PBXBuildFile; fileRef = B54AA0F4162EFDE100F2A3CB /* logo_p@2x.png */; };
		B54AA0FE162F1E8C00F2A3CB /* Utilities.m in Sources */ = {isa = PBXBuildFile; fileRef = B54AA0FD162F1E8C00F2A3CB /* Utilities.m */; };
		B54AA105162F34A600F2A3CB /* NSString+Additions.m in Sources */ = {isa = PBXBuildFile; fileRef = B54AA104162F34A600F2A3CB /* NSString+Additions.m */; };
		B54AA108162F369500F2A3CB /* FFFormFieldCell.m in Sources */ = {isa = PBXBuildFile; fileRef = B54AA107162F369400F2A3CB /* FFFormFieldCell.m */; };
		B54AA10E162F428000F2A3CB /* FFFormField.m in Sources */ = {isa = PBXBuildFile; fileRef = B54AA10D162F428000F2A3CB /* FFFormField.m */; };
		B5544CAB162E342100431B54 /* red_footer_button.png in Resources */ = {isa = PBXBuildFile; fileRef = B5544CA9162E342100431B54 /* red_footer_button.png */; };
		B5544CAC162E342100431B54 /* red_footer_button@2x.png in Resources */ = {isa = PBXBuildFile; fileRef = B5544CAA162E342100431B54 /* red_footer_button@2x.png */; };
		B5544CB2162EE13300431B54 /* UIColor+Additions.m in Sources */ = {isa = PBXBuildFile; fileRef = B5544CB1162EE13300431B54 /* UIColor+Additions.m */; };
		B556F421161CC83300A33A8E /* NSDecimalNumber+Additions.m in Sources */ = {isa = PBXBuildFile; fileRef = B556F420161CC83300A33A8E /* NSDecimalNumber+Additions.m */; };
		B556F424161CC87500A33A8E /* NSNumber+Additions.m in Sources */ = {isa = PBXBuildFile; fileRef = B556F423161CC87500A33A8E /* NSNumber+Additions.m */; };
		B556F42A161CCDEF00A33A8E /* memberships.json in Resources */ = {isa = PBXBuildFile; fileRef = B556F429161CCDEF00A33A8E /* memberships.json */; };
		B560569D16226B82004470DC /* RegistrationViewController.m in Sources */ = {isa = PBXBuildFile; fileRef = B560569C16226B82004470DC /* RegistrationViewController.m */; };
		B56056A016226BEA004470DC /* LaunchViewController.m in Sources */ = {isa = PBXBuildFile; fileRef = B560569F16226BEA004470DC /* LaunchViewController.m */; };
		B56E8F461626526B006DB56B /* SystemConfiguration.framework in Frameworks */ = {isa = PBXBuildFile; fileRef = B56E8F451626526B006DB56B /* SystemConfiguration.framework */; };
		B56E8F4816265271006DB56B /* MobileCoreServices.framework in Frameworks */ = {isa = PBXBuildFile; fileRef = B56E8F4716265271006DB56B /* MobileCoreServices.framework */; };
		B56E8F49162652CA006DB56B /* MobileCoreServices.framework in Frameworks */ = {isa = PBXBuildFile; fileRef = B56E8F4716265271006DB56B /* MobileCoreServices.framework */; };
		B56E8F4A162652D0006DB56B /* SystemConfiguration.framework in Frameworks */ = {isa = PBXBuildFile; fileRef = B56E8F451626526B006DB56B /* SystemConfiguration.framework */; };
		B56E8F8C16272552006DB56B /* FFObjectManager.m in Sources */ = {isa = PBXBuildFile; fileRef = B56E8F8B16272551006DB56B /* FFObjectManager.m */; };
		B56E8F90162739E4006DB56B /* FFRouter.m in Sources */ = {isa = PBXBuildFile; fileRef = B56E8F8F162739E4006DB56B /* FFRouter.m */; };
		B56E8F98162746E4006DB56B /* FFTextFieldCell.m in Sources */ = {isa = PBXBuildFile; fileRef = B56E8F96162746E4006DB56B /* FFTextFieldCell.m */; };
		B56E8F99162746E4006DB56B /* FFTextFieldCell.xib in Resources */ = {isa = PBXBuildFile; fileRef = B56E8F97162746E4006DB56B /* FFTextFieldCell.xib */; };
		B56E8FE9162778BE006DB56B /* FFPullToRefreshHeader.m in Sources */ = {isa = PBXBuildFile; fileRef = B56E8FE8162778BE006DB56B /* FFPullToRefreshHeader.m */; };
		B56E8FFA16278A43006DB56B /* FFFormViewController.m in Sources */ = {isa = PBXBuildFile; fileRef = B56E8FF916278A43006DB56B /* FFFormViewController.m */; };
		B56E8FFC1627BB5C006DB56B /* blueArrow.png in Resources */ = {isa = PBXBuildFile; fileRef = B56E8FFB1627BB5C006DB56B /* blueArrow.png */; };
		B56F40C1160A52AD007D445F /* FFApplicationConstants.m in Sources */ = {isa = PBXBuildFile; fileRef = B56F40C0160A52AC007D445F /* FFApplicationConstants.m */; };
		B56F40D3160A7829007D445F /* User.m in Sources */ = {isa = PBXBuildFile; fileRef = B56F40D2160A7828007D445F /* User.m */; };
		B56F40D7160A78F3007D445F /* League.m in Sources */ = {isa = PBXBuildFile; fileRef = B56F40D6160A78F3007D445F /* League.m */; };
		B56F40DA160A7914007D445F /* Question.m in Sources */ = {isa = PBXBuildFile; fileRef = B56F40D9160A7914007D445F /* Question.m */; };
		B56F40DD160A7939007D445F /* Answer.m in Sources */ = {isa = PBXBuildFile; fileRef = B56F40DC160A7939007D445F /* Answer.m */; };
		B56F40E0160A7949007D445F /* Bet.m in Sources */ = {isa = PBXBuildFile; fileRef = B56F40DF160A7949007D445F /* Bet.m */; };
		B56F40E3160A795B007D445F /* Membership.m in Sources */ = {isa = PBXBuildFile; fileRef = B56F40E2160A795A007D445F /* Membership.m */; };
		B570C332162F6D7900F14C2C /* FFBaseTableViewController.xib in Resources */ = {isa = PBXBuildFile; fileRef = B570C331162F6D7900F14C2C /* FFBaseTableViewController.xib */; };
		B570C334162F6D8900F14C2C /* Default-568h@2x.png in Resources */ = {isa = PBXBuildFile; fileRef = B570C333162F6D8900F14C2C /* Default-568h@2x.png */; };
		B57D092D160CFB4F0060A11E /* LoginViewController.m in Sources */ = {isa = PBXBuildFile; fileRef = B57D092C160CFB4F0060A11E /* LoginViewController.m */; };
		B57D0944160D250C0060A11E /* KeychainItemWrapper.m in Sources */ = {isa = PBXBuildFile; fileRef = B57D0943160D250B0060A11E /* KeychainItemWrapper.m */; };
		B58B5F431636D9FD0082640B /* QuestionsViewController.m in Sources */ = {isa = PBXBuildFile; fileRef = B58B5F421636D9FD0082640B /* QuestionsViewController.m */; };
		B5956AF91613D77200C0A87E /* user.json in Resources */ = {isa = PBXBuildFile; fileRef = B5956AF81613D77200C0A87E /* user.json */; };
		B5A2F35316376D5700034319 /* FFBaseViewController.m in Sources */ = {isa = PBXBuildFile; fileRef = B5A2F35216376D5600034319 /* FFBaseViewController.m */; };
		B5A2F356163776B200034319 /* UIBarButtonItem+Additions.m in Sources */ = {isa = PBXBuildFile; fileRef = B5A2F355163776B200034319 /* UIBarButtonItem+Additions.m */; };
		B5A2F35E163844FA00034319 /* FFFetchedResultsViewController.m in Sources */ = {isa = PBXBuildFile; fileRef = B5A2F35D163844FA00034319 /* FFFetchedResultsViewController.m */; };
		B5A2F39D1638BBD900034319 /* leaguemenu_bgnd@2x.png in Resources */ = {isa = PBXBuildFile; fileRef = B5A2F3961638BBD900034319 /* leaguemenu_bgnd@2x.png */; };
		B5A2F39E1638BBD900034319 /* leaguemenu_clubroom@2x.png in Resources */ = {isa = PBXBuildFile; fileRef = B5A2F3971638BBD900034319 /* leaguemenu_clubroom@2x.png */; };
		B5A2F39F1638BBD900034319 /* leaguemenu_divider@2x.png in Resources */ = {isa = PBXBuildFile; fileRef = B5A2F3981638BBD900034319 /* leaguemenu_divider@2x.png */; };
		B5A2F3A01638BBD900034319 /* leaguemenu_mybets@2x.png in Resources */ = {isa = PBXBuildFile; fileRef = B5A2F3991638BBD900034319 /* leaguemenu_mybets@2x.png */; };
		B5A2F3A11638BBD900034319 /* leaguemenu_settings@2x.png in Resources */ = {isa = PBXBuildFile; fileRef = B5A2F39A1638BBD900034319 /* leaguemenu_settings@2x.png */; };
		B5A2F3A21638BBD900034319 /* leaguemenu_stats@2x.png in Resources */ = {isa = PBXBuildFile; fileRef = B5A2F39B1638BBD900034319 /* leaguemenu_stats@2x.png */; };
		B5A2F3A51638BE3B00034319 /* leaguemenu_allquestions.png in Resources */ = {isa = PBXBuildFile; fileRef = B5A2F3A41638BE3B00034319 /* leaguemenu_allquestions.png */; };
		B5A2F3A71638BE4400034319 /* leaguemenu_allquestions@2x.png in Resources */ = {isa = PBXBuildFile; fileRef = B5A2F3A61638BE4400034319 /* leaguemenu_allquestions@2x.png */; };
		B5B147051631D55D005F1B5A /* Resource.m in Sources */ = {isa = PBXBuildFile; fileRef = B5B147041631D55D005F1B5A /* Resource.m */; };
		B5B1470816320215005F1B5A /* FFFormTextField.m in Sources */ = {isa = PBXBuildFile; fileRef = B5B1470716320215005F1B5A /* FFFormTextField.m */; };
		B5B14721163354A7005F1B5A /* chicago_flag.png in Resources */ = {isa = PBXBuildFile; fileRef = B5B1471B163354A7005F1B5A /* chicago_flag.png */; };
		B5B14722163354A7005F1B5A /* chicago_flag@2x.png in Resources */ = {isa = PBXBuildFile; fileRef = B5B1471C163354A7005F1B5A /* chicago_flag@2x.png */; };
		B5B14723163354A7005F1B5A /* clear_button.png in Resources */ = {isa = PBXBuildFile; fileRef = B5B1471D163354A7005F1B5A /* clear_button.png */; };
		B5B14724163354A7005F1B5A /* clear_button@2x.png in Resources */ = {isa = PBXBuildFile; fileRef = B5B1471E163354A7005F1B5A /* clear_button@2x.png */; };
		B5B14725163354A7005F1B5A /* logo_prophets.png in Resources */ = {isa = PBXBuildFile; fileRef = B5B1471F163354A7005F1B5A /* logo_prophets.png */; };
		B5B14726163354A7005F1B5A /* logo_prophets@2x.png in Resources */ = {isa = PBXBuildFile; fileRef = B5B14720163354A7005F1B5A /* logo_prophets@2x.png */; };
		B5B1472916348F0A005F1B5A /* table_cell_arrow.png in Resources */ = {isa = PBXBuildFile; fileRef = B5B1472816348F0A005F1B5A /* table_cell_arrow.png */; };
		B5B1472B1634C80A005F1B5A /* table_cell_arrow@2x.png in Resources */ = {isa = PBXBuildFile; fileRef = B5B1472A1634C80A005F1B5A /* table_cell_arrow@2x.png */; };
		B5B1472E1634DE09005F1B5A /* HomeViewController.m in Sources */ = {isa = PBXBuildFile; fileRef = B5B1472D1634DE09005F1B5A /* HomeViewController.m */; };
		B5B147391634E046005F1B5A /* create_league_button.png in Resources */ = {isa = PBXBuildFile; fileRef = B5B1472F1634E044005F1B5A /* create_league_button.png */; };
		B5B1473A1634E046005F1B5A /* create_league_button@2x.png in Resources */ = {isa = PBXBuildFile; fileRef = B5B147301634E044005F1B5A /* create_league_button@2x.png */; };
		B5B1473B1634E046005F1B5A /* current_leagues_button.png in Resources */ = {isa = PBXBuildFile; fileRef = B5B147311634E044005F1B5A /* current_leagues_button.png */; };
		B5B1473C1634E046005F1B5A /* current_leagues_button@2x.png in Resources */ = {isa = PBXBuildFile; fileRef = B5B147321634E044005F1B5A /* current_leagues_button@2x.png */; };
		B5B1473D1634E046005F1B5A /* find_league_button.png in Resources */ = {isa = PBXBuildFile; fileRef = B5B147331634E044005F1B5A /* find_league_button.png */; };
		B5B1473E1634E046005F1B5A /* find_league_button@2x.png in Resources */ = {isa = PBXBuildFile; fileRef = B5B147341634E045005F1B5A /* find_league_button@2x.png */; };
		B5B1473F1634E046005F1B5A /* logo_p_small.png in Resources */ = {isa = PBXBuildFile; fileRef = B5B147351634E045005F1B5A /* logo_p_small.png */; };
		B5B147401634E046005F1B5A /* logo_p_small@2x.png in Resources */ = {isa = PBXBuildFile; fileRef = B5B147361634E045005F1B5A /* logo_p_small@2x.png */; };
		B5B147411634E046005F1B5A /* settings_button.png in Resources */ = {isa = PBXBuildFile; fileRef = B5B147371634E045005F1B5A /* settings_button.png */; };
		B5B147421634E046005F1B5A /* settings_button@2x.png in Resources */ = {isa = PBXBuildFile; fileRef = B5B147381634E045005F1B5A /* settings_button@2x.png */; };
		B5B147451634EF4D005F1B5A /* home.png in Resources */ = {isa = PBXBuildFile; fileRef = B5B147431634EF4D005F1B5A /* home.png */; };
		B5B147461634EF4D005F1B5A /* home@2x.png in Resources */ = {isa = PBXBuildFile; fileRef = B5B147441634EF4D005F1B5A /* home@2x.png */; };
		B5D33D73161626470043A0E8 /* NSManagedObject+Additions.m in Sources */ = {isa = PBXBuildFile; fileRef = B5D33D72161626470043A0E8 /* NSManagedObject+Additions.m */; };
		B5D33D7816163A070043A0E8 /* NSManagedObjectContext+Additions.m in Sources */ = {isa = PBXBuildFile; fileRef = B5D33D7716163A070043A0E8 /* NSManagedObjectContext+Additions.m */; };
		B5D33D7B161652590043A0E8 /* MembershipsViewController.m in Sources */ = {isa = PBXBuildFile; fileRef = B5D33D7A161652590043A0E8 /* MembershipsViewController.m */; };
		B5D33D801618C4900043A0E8 /* MembershipCell.m in Sources */ = {isa = PBXBuildFile; fileRef = B5D33D7F1618C4900043A0E8 /* MembershipCell.m */; };
		B5D33D821618C9450043A0E8 /* MembershipCell.xib in Resources */ = {isa = PBXBuildFile; fileRef = B5D33D811618C9450043A0E8 /* MembershipCell.xib */; };
		B5EA1262161D091800C774F3 /* LeagueTests.m in Sources */ = {isa = PBXBuildFile; fileRef = B5EA1261161D091800C774F3 /* LeagueTests.m */; };
		B5EA1367161D195500C774F3 /* AnswerTests.m in Sources */ = {isa = PBXBuildFile; fileRef = B5EA1366161D195500C774F3 /* AnswerTests.m */; };
		B5EA136A161D201A00C774F3 /* LoginTests.m in Sources */ = {isa = PBXBuildFile; fileRef = B5EA1369161D201A00C774F3 /* LoginTests.m */; };
		B5EA136D161D205800C774F3 /* UserTests.m in Sources */ = {isa = PBXBuildFile; fileRef = B5EA136C161D205800C774F3 /* UserTests.m */; };
		B5EA136E161D232000C774F3 /* Security.framework in Frameworks */ = {isa = PBXBuildFile; fileRef = B5F1AF201603B89D00D28C1C /* Security.framework */; };
		B5EF1AFF1614A31700268EC4 /* FFObjectLoaderTests.m in Sources */ = {isa = PBXBuildFile; fileRef = B5EF1AFE1614A31700268EC4 /* FFObjectLoaderTests.m */; };
		B5F1AECD160388C600D28C1C /* UIKit.framework in Frameworks */ = {isa = PBXBuildFile; fileRef = B5F1AECC160388C600D28C1C /* UIKit.framework */; };
		B5F1AECF160388C600D28C1C /* Foundation.framework in Frameworks */ = {isa = PBXBuildFile; fileRef = B5F1AECE160388C600D28C1C /* Foundation.framework */; };
		B5F1AED1160388C600D28C1C /* CoreGraphics.framework in Frameworks */ = {isa = PBXBuildFile; fileRef = B5F1AED0160388C600D28C1C /* CoreGraphics.framework */; };
		B5F1AED3160388C600D28C1C /* CoreData.framework in Frameworks */ = {isa = PBXBuildFile; fileRef = B5F1AED2160388C600D28C1C /* CoreData.framework */; };
		B5F1AED9160388C600D28C1C /* InfoPlist.strings in Resources */ = {isa = PBXBuildFile; fileRef = B5F1AED7160388C600D28C1C /* InfoPlist.strings */; };
		B5F1AEDB160388C600D28C1C /* main.m in Sources */ = {isa = PBXBuildFile; fileRef = B5F1AEDA160388C600D28C1C /* main.m */; };
		B5F1AEDF160388C600D28C1C /* AppDelegate.m in Sources */ = {isa = PBXBuildFile; fileRef = B5F1AEDE160388C600D28C1C /* AppDelegate.m */; };
		B5F1AEE2160388C600D28C1C /* prophets_ios.xcdatamodeld in Sources */ = {isa = PBXBuildFile; fileRef = B5F1AEE0160388C600D28C1C /* prophets_ios.xcdatamodeld */; };
		B5F1AEEA160388C700D28C1C /* SenTestingKit.framework in Frameworks */ = {isa = PBXBuildFile; fileRef = B5F1AEE9160388C700D28C1C /* SenTestingKit.framework */; };
		B5F1AEEB160388C700D28C1C /* UIKit.framework in Frameworks */ = {isa = PBXBuildFile; fileRef = B5F1AECC160388C600D28C1C /* UIKit.framework */; };
		B5F1AEEC160388C700D28C1C /* Foundation.framework in Frameworks */ = {isa = PBXBuildFile; fileRef = B5F1AECE160388C600D28C1C /* Foundation.framework */; };
		B5F1AEED160388C700D28C1C /* CoreData.framework in Frameworks */ = {isa = PBXBuildFile; fileRef = B5F1AED2160388C600D28C1C /* CoreData.framework */; };
		B5F1AEF5160388C700D28C1C /* InfoPlist.strings in Resources */ = {isa = PBXBuildFile; fileRef = B5F1AEF3160388C700D28C1C /* InfoPlist.strings */; };
		B5F1AF02160388E500D28C1C /* Storyboard_iPhone.storyboard in Resources */ = {isa = PBXBuildFile; fileRef = B5F1AF01160388E500D28C1C /* Storyboard_iPhone.storyboard */; };
		B5F1AF1D1603B87600D28C1C /* CFNetwork.framework in Frameworks */ = {isa = PBXBuildFile; fileRef = B5F1AF1C1603B87600D28C1C /* CFNetwork.framework */; };
		B5F1AF211603B89D00D28C1C /* Security.framework in Frameworks */ = {isa = PBXBuildFile; fileRef = B5F1AF201603B89D00D28C1C /* Security.framework */; };
		B5F1AF251603B8B000D28C1C /* QuartzCore.framework in Frameworks */ = {isa = PBXBuildFile; fileRef = B5F1AF241603B8B000D28C1C /* QuartzCore.framework */; };
		B5F1AF271603B8BF00D28C1C /* libxml2.dylib in Frameworks */ = {isa = PBXBuildFile; fileRef = B5F1AF261603B8BF00D28C1C /* libxml2.dylib */; };
		B5FB94B01636251A00471515 /* LeagueTabBarController.m in Sources */ = {isa = PBXBuildFile; fileRef = B5FB94AF1636251A00471515 /* LeagueTabBarController.m */; };
		B5FB94B41636272300471515 /* back_arrow.png in Resources */ = {isa = PBXBuildFile; fileRef = B5FB94B21636272300471515 /* back_arrow.png */; };
		B5FB94B51636272300471515 /* back_arrow@2x.png in Resources */ = {isa = PBXBuildFile; fileRef = B5FB94B31636272300471515 /* back_arrow@2x.png */; };
		CCAD6CC9904141B2A8651A20 /* libPods.a in Frameworks */ = {isa = PBXBuildFile; fileRef = B080843E1DFF40039890AE89 /* libPods.a */; };
/* End PBXBuildFile section */

/* Begin PBXContainerItemProxy section */
		B5F1AEEE160388C700D28C1C /* PBXContainerItemProxy */ = {
			isa = PBXContainerItemProxy;
			containerPortal = B5F1AEBF160388C600D28C1C /* Project object */;
			proxyType = 1;
			remoteGlobalIDString = B5F1AEC7160388C600D28C1C;
			remoteInfo = "prophets-ios";
		};
/* End PBXContainerItemProxy section */

/* Begin PBXFileReference section */
		62B3D712213645408B3D1811 /* Pods.xcconfig */ = {isa = PBXFileReference; includeInIndex = 1; lastKnownFileType = text.xcconfig; name = Pods.xcconfig; path = Pods/Pods.xcconfig; sourceTree = SOURCE_ROOT; };
		B080843E1DFF40039890AE89 /* libPods.a */ = {isa = PBXFileReference; explicitFileType = archive.ar; includeInIndex = 0; path = libPods.a; sourceTree = BUILT_PRODUCTS_DIR; };
		B5094EF01625C6E300947FAC /* background@2x.png */ = {isa = PBXFileReference; lastKnownFileType = image.png; path = "background@2x.png"; sourceTree = "<group>"; };
		B5094EF51625E7F500947FAC /* FFBaseTableViewController.h */ = {isa = PBXFileReference; fileEncoding = 4; lastKnownFileType = sourcecode.c.h; path = FFBaseTableViewController.h; sourceTree = "<group>"; };
		B5094EF61625E7F500947FAC /* FFBaseTableViewController.m */ = {isa = PBXFileReference; fileEncoding = 4; lastKnownFileType = sourcecode.c.objc; path = FFBaseTableViewController.m; sourceTree = "<group>"; };
		B5094EF81625EB9F00947FAC /* background.png */ = {isa = PBXFileReference; lastKnownFileType = image.png; path = background.png; sourceTree = "<group>"; };
		B5094F061626040300947FAC /* FFBaseCell.h */ = {isa = PBXFileReference; fileEncoding = 4; lastKnownFileType = sourcecode.c.h; path = FFBaseCell.h; sourceTree = "<group>"; };
		B5094F071626040300947FAC /* FFBaseCell.m */ = {isa = PBXFileReference; fileEncoding = 4; lastKnownFileType = sourcecode.c.objc; path = FFBaseCell.m; sourceTree = "<group>"; };
		B516A045161E000200736C70 /* FFBaseTestCase.h */ = {isa = PBXFileReference; fileEncoding = 4; lastKnownFileType = sourcecode.c.h; path = FFBaseTestCase.h; sourceTree = "<group>"; };
		B516A046161E000200736C70 /* FFBaseTestCase.m */ = {isa = PBXFileReference; fileEncoding = 4; lastKnownFileType = sourcecode.c.objc; path = FFBaseTestCase.m; sourceTree = "<group>"; };
		B521AC05162B64500009A8E4 /* FFTableFooterButtonView.h */ = {isa = PBXFileReference; fileEncoding = 4; lastKnownFileType = sourcecode.c.h; path = FFTableFooterButtonView.h; sourceTree = "<group>"; };
		B521AC06162B64500009A8E4 /* FFTableFooterButtonView.m */ = {isa = PBXFileReference; fileEncoding = 4; lastKnownFileType = sourcecode.c.objc; path = FFTableFooterButtonView.m; sourceTree = "<group>"; };
		B533238F161F4BA30094D2DF /* Factories.h */ = {isa = PBXFileReference; fileEncoding = 4; lastKnownFileType = sourcecode.c.h; path = Factories.h; sourceTree = "<group>"; };
		B5332390161F4BA30094D2DF /* Factories.m */ = {isa = PBXFileReference; fileEncoding = 4; lastKnownFileType = sourcecode.c.objc; path = Factories.m; sourceTree = "<group>"; };
		B5332392161F5ACA0094D2DF /* DevConfig.xcconfig */ = {isa = PBXFileReference; lastKnownFileType = text.xcconfig; path = DevConfig.xcconfig; sourceTree = "<group>"; };
		B5332393161F5CC90094D2DF /* ProdConfig.xcconfig */ = {isa = PBXFileReference; lastKnownFileType = text.xcconfig; path = ProdConfig.xcconfig; sourceTree = "<group>"; };
		B54AA0F3162EFDE100F2A3CB /* logo_p.png */ = {isa = PBXFileReference; lastKnownFileType = image.png; path = logo_p.png; sourceTree = "<group>"; };
		B54AA0F4162EFDE100F2A3CB /* logo_p@2x.png */ = {isa = PBXFileReference; lastKnownFileType = image.png; path = "logo_p@2x.png"; sourceTree = "<group>"; };
		B54AA0FC162F1E8C00F2A3CB /* Utilities.h */ = {isa = PBXFileReference; fileEncoding = 4; lastKnownFileType = sourcecode.c.h; path = Utilities.h; sourceTree = "<group>"; };
		B54AA0FD162F1E8C00F2A3CB /* Utilities.m */ = {isa = PBXFileReference; fileEncoding = 4; lastKnownFileType = sourcecode.c.objc; path = Utilities.m; sourceTree = "<group>"; };
		B54AA103162F34A600F2A3CB /* NSString+Additions.h */ = {isa = PBXFileReference; fileEncoding = 4; lastKnownFileType = sourcecode.c.h; path = "NSString+Additions.h"; sourceTree = "<group>"; };
		B54AA104162F34A600F2A3CB /* NSString+Additions.m */ = {isa = PBXFileReference; fileEncoding = 4; lastKnownFileType = sourcecode.c.objc; path = "NSString+Additions.m"; sourceTree = "<group>"; };
		B54AA106162F369400F2A3CB /* FFFormFieldCell.h */ = {isa = PBXFileReference; fileEncoding = 4; lastKnownFileType = sourcecode.c.h; path = FFFormFieldCell.h; sourceTree = "<group>"; };
		B54AA107162F369400F2A3CB /* FFFormFieldCell.m */ = {isa = PBXFileReference; fileEncoding = 4; lastKnownFileType = sourcecode.c.objc; path = FFFormFieldCell.m; sourceTree = "<group>"; };
		B54AA10C162F428000F2A3CB /* FFFormField.h */ = {isa = PBXFileReference; fileEncoding = 4; lastKnownFileType = sourcecode.c.h; path = FFFormField.h; sourceTree = "<group>"; };
		B54AA10D162F428000F2A3CB /* FFFormField.m */ = {isa = PBXFileReference; fileEncoding = 4; lastKnownFileType = sourcecode.c.objc; path = FFFormField.m; sourceTree = "<group>"; };
		B5544CA9162E342100431B54 /* red_footer_button.png */ = {isa = PBXFileReference; lastKnownFileType = image.png; path = red_footer_button.png; sourceTree = "<group>"; };
		B5544CAA162E342100431B54 /* red_footer_button@2x.png */ = {isa = PBXFileReference; lastKnownFileType = image.png; path = "red_footer_button@2x.png"; sourceTree = "<group>"; };
		B5544CB0162EE13300431B54 /* UIColor+Additions.h */ = {isa = PBXFileReference; fileEncoding = 4; lastKnownFileType = sourcecode.c.h; path = "UIColor+Additions.h"; sourceTree = "<group>"; };
		B5544CB1162EE13300431B54 /* UIColor+Additions.m */ = {isa = PBXFileReference; fileEncoding = 4; lastKnownFileType = sourcecode.c.objc; path = "UIColor+Additions.m"; sourceTree = "<group>"; };
		B556F41F161CC83300A33A8E /* NSDecimalNumber+Additions.h */ = {isa = PBXFileReference; fileEncoding = 4; lastKnownFileType = sourcecode.c.h; path = "NSDecimalNumber+Additions.h"; sourceTree = "<group>"; };
		B556F420161CC83300A33A8E /* NSDecimalNumber+Additions.m */ = {isa = PBXFileReference; fileEncoding = 4; lastKnownFileType = sourcecode.c.objc; path = "NSDecimalNumber+Additions.m"; sourceTree = "<group>"; };
		B556F422161CC87500A33A8E /* NSNumber+Additions.h */ = {isa = PBXFileReference; fileEncoding = 4; lastKnownFileType = sourcecode.c.h; path = "NSNumber+Additions.h"; sourceTree = "<group>"; };
		B556F423161CC87500A33A8E /* NSNumber+Additions.m */ = {isa = PBXFileReference; fileEncoding = 4; lastKnownFileType = sourcecode.c.objc; path = "NSNumber+Additions.m"; sourceTree = "<group>"; };
		B556F429161CCDEF00A33A8E /* memberships.json */ = {isa = PBXFileReference; fileEncoding = 4; lastKnownFileType = text.json; name = memberships.json; path = Fixtures/memberships.json; sourceTree = "<group>"; };
		B560569B16226B82004470DC /* RegistrationViewController.h */ = {isa = PBXFileReference; fileEncoding = 4; lastKnownFileType = sourcecode.c.h; path = RegistrationViewController.h; sourceTree = "<group>"; };
		B560569C16226B82004470DC /* RegistrationViewController.m */ = {isa = PBXFileReference; fileEncoding = 4; lastKnownFileType = sourcecode.c.objc; path = RegistrationViewController.m; sourceTree = "<group>"; };
		B560569E16226BEA004470DC /* LaunchViewController.h */ = {isa = PBXFileReference; fileEncoding = 4; lastKnownFileType = sourcecode.c.h; path = LaunchViewController.h; sourceTree = "<group>"; };
		B560569F16226BEA004470DC /* LaunchViewController.m */ = {isa = PBXFileReference; fileEncoding = 4; lastKnownFileType = sourcecode.c.objc; path = LaunchViewController.m; sourceTree = "<group>"; };
		B56E8F451626526B006DB56B /* SystemConfiguration.framework */ = {isa = PBXFileReference; lastKnownFileType = wrapper.framework; name = SystemConfiguration.framework; path = System/Library/Frameworks/SystemConfiguration.framework; sourceTree = SDKROOT; };
		B56E8F4716265271006DB56B /* MobileCoreServices.framework */ = {isa = PBXFileReference; lastKnownFileType = wrapper.framework; name = MobileCoreServices.framework; path = System/Library/Frameworks/MobileCoreServices.framework; sourceTree = SDKROOT; };
		B56E8F8A16272551006DB56B /* FFObjectManager.h */ = {isa = PBXFileReference; fileEncoding = 4; lastKnownFileType = sourcecode.c.h; path = FFObjectManager.h; sourceTree = "<group>"; };
		B56E8F8B16272551006DB56B /* FFObjectManager.m */ = {isa = PBXFileReference; fileEncoding = 4; lastKnownFileType = sourcecode.c.objc; path = FFObjectManager.m; sourceTree = "<group>"; };
		B56E8F8E162739E4006DB56B /* FFRouter.h */ = {isa = PBXFileReference; fileEncoding = 4; lastKnownFileType = sourcecode.c.h; path = FFRouter.h; sourceTree = "<group>"; };
		B56E8F8F162739E4006DB56B /* FFRouter.m */ = {isa = PBXFileReference; fileEncoding = 4; lastKnownFileType = sourcecode.c.objc; path = FFRouter.m; sourceTree = "<group>"; };
		B56E8F95162746E4006DB56B /* FFTextFieldCell.h */ = {isa = PBXFileReference; fileEncoding = 4; lastKnownFileType = sourcecode.c.h; path = FFTextFieldCell.h; sourceTree = "<group>"; };
		B56E8F96162746E4006DB56B /* FFTextFieldCell.m */ = {isa = PBXFileReference; fileEncoding = 4; lastKnownFileType = sourcecode.c.objc; path = FFTextFieldCell.m; sourceTree = "<group>"; };
		B56E8F97162746E4006DB56B /* FFTextFieldCell.xib */ = {isa = PBXFileReference; fileEncoding = 4; lastKnownFileType = file.xib; path = FFTextFieldCell.xib; sourceTree = "<group>"; };
		B56E8FE7162778BE006DB56B /* FFPullToRefreshHeader.h */ = {isa = PBXFileReference; fileEncoding = 4; lastKnownFileType = sourcecode.c.h; path = FFPullToRefreshHeader.h; sourceTree = "<group>"; };
		B56E8FE8162778BE006DB56B /* FFPullToRefreshHeader.m */ = {isa = PBXFileReference; fileEncoding = 4; lastKnownFileType = sourcecode.c.objc; path = FFPullToRefreshHeader.m; sourceTree = "<group>"; };
		B56E8FF816278A43006DB56B /* FFFormViewController.h */ = {isa = PBXFileReference; fileEncoding = 4; lastKnownFileType = sourcecode.c.h; path = FFFormViewController.h; sourceTree = "<group>"; };
		B56E8FF916278A43006DB56B /* FFFormViewController.m */ = {isa = PBXFileReference; fileEncoding = 4; lastKnownFileType = sourcecode.c.objc; path = FFFormViewController.m; sourceTree = "<group>"; };
		B56E8FFB1627BB5C006DB56B /* blueArrow.png */ = {isa = PBXFileReference; lastKnownFileType = image.png; path = blueArrow.png; sourceTree = "<group>"; };
		B56F40BF160A52AC007D445F /* FFApplicationConstants.h */ = {isa = PBXFileReference; fileEncoding = 4; lastKnownFileType = sourcecode.c.h; path = FFApplicationConstants.h; sourceTree = "<group>"; };
		B56F40C0160A52AC007D445F /* FFApplicationConstants.m */ = {isa = PBXFileReference; fileEncoding = 4; lastKnownFileType = sourcecode.c.objc; path = FFApplicationConstants.m; sourceTree = "<group>"; };
		B56F40D1160A7828007D445F /* User.h */ = {isa = PBXFileReference; fileEncoding = 4; lastKnownFileType = sourcecode.c.h; path = User.h; sourceTree = "<group>"; };
		B56F40D2160A7828007D445F /* User.m */ = {isa = PBXFileReference; fileEncoding = 4; lastKnownFileType = sourcecode.c.objc; path = User.m; sourceTree = "<group>"; };
		B56F40D5160A78F3007D445F /* League.h */ = {isa = PBXFileReference; fileEncoding = 4; lastKnownFileType = sourcecode.c.h; path = League.h; sourceTree = "<group>"; };
		B56F40D6160A78F3007D445F /* League.m */ = {isa = PBXFileReference; fileEncoding = 4; lastKnownFileType = sourcecode.c.objc; path = League.m; sourceTree = "<group>"; };
		B56F40D8160A7913007D445F /* Question.h */ = {isa = PBXFileReference; fileEncoding = 4; lastKnownFileType = sourcecode.c.h; path = Question.h; sourceTree = "<group>"; };
		B56F40D9160A7914007D445F /* Question.m */ = {isa = PBXFileReference; fileEncoding = 4; lastKnownFileType = sourcecode.c.objc; path = Question.m; sourceTree = "<group>"; };
		B56F40DB160A7939007D445F /* Answer.h */ = {isa = PBXFileReference; fileEncoding = 4; lastKnownFileType = sourcecode.c.h; path = Answer.h; sourceTree = "<group>"; };
		B56F40DC160A7939007D445F /* Answer.m */ = {isa = PBXFileReference; fileEncoding = 4; lastKnownFileType = sourcecode.c.objc; path = Answer.m; sourceTree = "<group>"; };
		B56F40DE160A7948007D445F /* Bet.h */ = {isa = PBXFileReference; fileEncoding = 4; lastKnownFileType = sourcecode.c.h; path = Bet.h; sourceTree = "<group>"; };
		B56F40DF160A7949007D445F /* Bet.m */ = {isa = PBXFileReference; fileEncoding = 4; lastKnownFileType = sourcecode.c.objc; path = Bet.m; sourceTree = "<group>"; };
		B56F40E1160A795A007D445F /* Membership.h */ = {isa = PBXFileReference; fileEncoding = 4; lastKnownFileType = sourcecode.c.h; path = Membership.h; sourceTree = "<group>"; };
		B56F40E2160A795A007D445F /* Membership.m */ = {isa = PBXFileReference; fileEncoding = 4; lastKnownFileType = sourcecode.c.objc; path = Membership.m; sourceTree = "<group>"; };
		B570C331162F6D7900F14C2C /* FFBaseTableViewController.xib */ = {isa = PBXFileReference; fileEncoding = 4; lastKnownFileType = file.xib; name = FFBaseTableViewController.xib; path = "prophets-ios/FFBaseTableViewController.xib"; sourceTree = "<group>"; };
		B570C333162F6D8900F14C2C /* Default-568h@2x.png */ = {isa = PBXFileReference; lastKnownFileType = image.png; path = "Default-568h@2x.png"; sourceTree = "<group>"; };
		B57D092B160CFB4F0060A11E /* LoginViewController.h */ = {isa = PBXFileReference; fileEncoding = 4; lastKnownFileType = sourcecode.c.h; path = LoginViewController.h; sourceTree = "<group>"; };
		B57D092C160CFB4F0060A11E /* LoginViewController.m */ = {isa = PBXFileReference; fileEncoding = 4; lastKnownFileType = sourcecode.c.objc; path = LoginViewController.m; sourceTree = "<group>"; };
		B57D0942160D250B0060A11E /* KeychainItemWrapper.h */ = {isa = PBXFileReference; fileEncoding = 4; lastKnownFileType = sourcecode.c.h; name = KeychainItemWrapper.h; path = "prophets-ios/KeychainItemWrapper.h"; sourceTree = "<group>"; };
		B57D0943160D250B0060A11E /* KeychainItemWrapper.m */ = {isa = PBXFileReference; fileEncoding = 4; lastKnownFileType = sourcecode.c.objc; name = KeychainItemWrapper.m; path = "prophets-ios/KeychainItemWrapper.m"; sourceTree = "<group>"; };
		B58B5F411636D9FD0082640B /* QuestionsViewController.h */ = {isa = PBXFileReference; fileEncoding = 4; lastKnownFileType = sourcecode.c.h; path = QuestionsViewController.h; sourceTree = "<group>"; };
		B58B5F421636D9FD0082640B /* QuestionsViewController.m */ = {isa = PBXFileReference; fileEncoding = 4; lastKnownFileType = sourcecode.c.objc; path = QuestionsViewController.m; sourceTree = "<group>"; };
		B5956AF81613D77200C0A87E /* user.json */ = {isa = PBXFileReference; fileEncoding = 4; lastKnownFileType = text.json; name = user.json; path = Fixtures/user.json; sourceTree = "<group>"; };
		B5A2F35116376D5600034319 /* FFBaseViewController.h */ = {isa = PBXFileReference; fileEncoding = 4; lastKnownFileType = sourcecode.c.h; path = FFBaseViewController.h; sourceTree = "<group>"; };
		B5A2F35216376D5600034319 /* FFBaseViewController.m */ = {isa = PBXFileReference; fileEncoding = 4; lastKnownFileType = sourcecode.c.objc; path = FFBaseViewController.m; sourceTree = "<group>"; };
		B5A2F354163776B200034319 /* UIBarButtonItem+Additions.h */ = {isa = PBXFileReference; fileEncoding = 4; lastKnownFileType = sourcecode.c.h; path = "UIBarButtonItem+Additions.h"; sourceTree = "<group>"; };
		B5A2F355163776B200034319 /* UIBarButtonItem+Additions.m */ = {isa = PBXFileReference; fileEncoding = 4; lastKnownFileType = sourcecode.c.objc; path = "UIBarButtonItem+Additions.m"; sourceTree = "<group>"; };
		B5A2F35C163844FA00034319 /* FFFetchedResultsViewController.h */ = {isa = PBXFileReference; fileEncoding = 4; lastKnownFileType = sourcecode.c.h; path = FFFetchedResultsViewController.h; sourceTree = "<group>"; };
		B5A2F35D163844FA00034319 /* FFFetchedResultsViewController.m */ = {isa = PBXFileReference; fileEncoding = 4; lastKnownFileType = sourcecode.c.objc; path = FFFetchedResultsViewController.m; sourceTree = "<group>"; };
		B5A2F3961638BBD900034319 /* leaguemenu_bgnd@2x.png */ = {isa = PBXFileReference; lastKnownFileType = image.png; path = "leaguemenu_bgnd@2x.png"; sourceTree = "<group>"; };
		B5A2F3971638BBD900034319 /* leaguemenu_clubroom@2x.png */ = {isa = PBXFileReference; lastKnownFileType = image.png; path = "leaguemenu_clubroom@2x.png"; sourceTree = "<group>"; };
		B5A2F3981638BBD900034319 /* leaguemenu_divider@2x.png */ = {isa = PBXFileReference; lastKnownFileType = image.png; path = "leaguemenu_divider@2x.png"; sourceTree = "<group>"; };
		B5A2F3991638BBD900034319 /* leaguemenu_mybets@2x.png */ = {isa = PBXFileReference; lastKnownFileType = image.png; path = "leaguemenu_mybets@2x.png"; sourceTree = "<group>"; };
		B5A2F39A1638BBD900034319 /* leaguemenu_settings@2x.png */ = {isa = PBXFileReference; lastKnownFileType = image.png; path = "leaguemenu_settings@2x.png"; sourceTree = "<group>"; };
		B5A2F39B1638BBD900034319 /* leaguemenu_stats@2x.png */ = {isa = PBXFileReference; lastKnownFileType = image.png; path = "leaguemenu_stats@2x.png"; sourceTree = "<group>"; };
		B5A2F3A41638BE3B00034319 /* leaguemenu_allquestions.png */ = {isa = PBXFileReference; lastKnownFileType = image.png; path = leaguemenu_allquestions.png; sourceTree = "<group>"; };
		B5A2F3A61638BE4400034319 /* leaguemenu_allquestions@2x.png */ = {isa = PBXFileReference; lastKnownFileType = image.png; path = "leaguemenu_allquestions@2x.png"; sourceTree = "<group>"; };
		B5B147031631D55D005F1B5A /* Resource.h */ = {isa = PBXFileReference; fileEncoding = 4; lastKnownFileType = sourcecode.c.h; name = Resource.h; path = ../Resource.h; sourceTree = "<group>"; };
		B5B147041631D55D005F1B5A /* Resource.m */ = {isa = PBXFileReference; fileEncoding = 4; lastKnownFileType = sourcecode.c.objc; name = Resource.m; path = ../Resource.m; sourceTree = "<group>"; };
		B5B1470616320215005F1B5A /* FFFormTextField.h */ = {isa = PBXFileReference; fileEncoding = 4; lastKnownFileType = sourcecode.c.h; path = FFFormTextField.h; sourceTree = "<group>"; };
		B5B1470716320215005F1B5A /* FFFormTextField.m */ = {isa = PBXFileReference; fileEncoding = 4; lastKnownFileType = sourcecode.c.objc; path = FFFormTextField.m; sourceTree = "<group>"; };
		B5B1471B163354A7005F1B5A /* chicago_flag.png */ = {isa = PBXFileReference; lastKnownFileType = image.png; path = chicago_flag.png; sourceTree = "<group>"; };
		B5B1471C163354A7005F1B5A /* chicago_flag@2x.png */ = {isa = PBXFileReference; lastKnownFileType = image.png; path = "chicago_flag@2x.png"; sourceTree = "<group>"; };
		B5B1471D163354A7005F1B5A /* clear_button.png */ = {isa = PBXFileReference; lastKnownFileType = image.png; path = clear_button.png; sourceTree = "<group>"; };
		B5B1471E163354A7005F1B5A /* clear_button@2x.png */ = {isa = PBXFileReference; lastKnownFileType = image.png; path = "clear_button@2x.png"; sourceTree = "<group>"; };
		B5B1471F163354A7005F1B5A /* logo_prophets.png */ = {isa = PBXFileReference; lastKnownFileType = image.png; path = logo_prophets.png; sourceTree = "<group>"; };
		B5B14720163354A7005F1B5A /* logo_prophets@2x.png */ = {isa = PBXFileReference; lastKnownFileType = image.png; path = "logo_prophets@2x.png"; sourceTree = "<group>"; };
		B5B1472816348F0A005F1B5A /* table_cell_arrow.png */ = {isa = PBXFileReference; lastKnownFileType = image.png; path = table_cell_arrow.png; sourceTree = "<group>"; };
		B5B1472A1634C80A005F1B5A /* table_cell_arrow@2x.png */ = {isa = PBXFileReference; lastKnownFileType = image.png; path = "table_cell_arrow@2x.png"; sourceTree = "<group>"; };
		B5B1472C1634DE08005F1B5A /* HomeViewController.h */ = {isa = PBXFileReference; fileEncoding = 4; lastKnownFileType = sourcecode.c.h; path = HomeViewController.h; sourceTree = "<group>"; };
		B5B1472D1634DE09005F1B5A /* HomeViewController.m */ = {isa = PBXFileReference; fileEncoding = 4; lastKnownFileType = sourcecode.c.objc; path = HomeViewController.m; sourceTree = "<group>"; };
		B5B1472F1634E044005F1B5A /* create_league_button.png */ = {isa = PBXFileReference; lastKnownFileType = image.png; path = create_league_button.png; sourceTree = "<group>"; };
		B5B147301634E044005F1B5A /* create_league_button@2x.png */ = {isa = PBXFileReference; lastKnownFileType = image.png; path = "create_league_button@2x.png"; sourceTree = "<group>"; };
		B5B147311634E044005F1B5A /* current_leagues_button.png */ = {isa = PBXFileReference; lastKnownFileType = image.png; path = current_leagues_button.png; sourceTree = "<group>"; };
		B5B147321634E044005F1B5A /* current_leagues_button@2x.png */ = {isa = PBXFileReference; lastKnownFileType = image.png; path = "current_leagues_button@2x.png"; sourceTree = "<group>"; };
		B5B147331634E044005F1B5A /* find_league_button.png */ = {isa = PBXFileReference; lastKnownFileType = image.png; path = find_league_button.png; sourceTree = "<group>"; };
		B5B147341634E045005F1B5A /* find_league_button@2x.png */ = {isa = PBXFileReference; lastKnownFileType = image.png; path = "find_league_button@2x.png"; sourceTree = "<group>"; };
		B5B147351634E045005F1B5A /* logo_p_small.png */ = {isa = PBXFileReference; lastKnownFileType = image.png; path = logo_p_small.png; sourceTree = "<group>"; };
		B5B147361634E045005F1B5A /* logo_p_small@2x.png */ = {isa = PBXFileReference; lastKnownFileType = image.png; path = "logo_p_small@2x.png"; sourceTree = "<group>"; };
		B5B147371634E045005F1B5A /* settings_button.png */ = {isa = PBXFileReference; lastKnownFileType = image.png; path = settings_button.png; sourceTree = "<group>"; };
		B5B147381634E045005F1B5A /* settings_button@2x.png */ = {isa = PBXFileReference; lastKnownFileType = image.png; path = "settings_button@2x.png"; sourceTree = "<group>"; };
		B5B147431634EF4D005F1B5A /* home.png */ = {isa = PBXFileReference; lastKnownFileType = image.png; path = home.png; sourceTree = "<group>"; };
		B5B147441634EF4D005F1B5A /* home@2x.png */ = {isa = PBXFileReference; lastKnownFileType = image.png; path = "home@2x.png"; sourceTree = "<group>"; };
		B5D33D6E161613F40043A0E8 /* NSManagedObjectContext+Additions.h */ = {isa = PBXFileReference; fileEncoding = 4; lastKnownFileType = sourcecode.c.h; path = "NSManagedObjectContext+Additions.h"; sourceTree = "<group>"; };
		B5D33D71161626470043A0E8 /* NSManagedObject+Additions.h */ = {isa = PBXFileReference; fileEncoding = 4; lastKnownFileType = sourcecode.c.h; path = "NSManagedObject+Additions.h"; sourceTree = "<group>"; };
		B5D33D72161626470043A0E8 /* NSManagedObject+Additions.m */ = {isa = PBXFileReference; fileEncoding = 4; lastKnownFileType = sourcecode.c.objc; path = "NSManagedObject+Additions.m"; sourceTree = "<group>"; };
		B5D33D7716163A070043A0E8 /* NSManagedObjectContext+Additions.m */ = {isa = PBXFileReference; fileEncoding = 4; lastKnownFileType = sourcecode.c.objc; path = "NSManagedObjectContext+Additions.m"; sourceTree = "<group>"; };
		B5D33D7A161652590043A0E8 /* MembershipsViewController.m */ = {isa = PBXFileReference; fileEncoding = 4; lastKnownFileType = sourcecode.c.objc; path = MembershipsViewController.m; sourceTree = "<group>"; };
		B5D33D7C161654BA0043A0E8 /* MembershipsViewController.h */ = {isa = PBXFileReference; fileEncoding = 4; lastKnownFileType = sourcecode.c.h; path = MembershipsViewController.h; sourceTree = "<group>"; };
		B5D33D7E1618C4900043A0E8 /* MembershipCell.h */ = {isa = PBXFileReference; fileEncoding = 4; lastKnownFileType = sourcecode.c.h; path = MembershipCell.h; sourceTree = "<group>"; };
		B5D33D7F1618C4900043A0E8 /* MembershipCell.m */ = {isa = PBXFileReference; fileEncoding = 4; lastKnownFileType = sourcecode.c.objc; path = MembershipCell.m; sourceTree = "<group>"; };
		B5D33D811618C9450043A0E8 /* MembershipCell.xib */ = {isa = PBXFileReference; fileEncoding = 4; lastKnownFileType = file.xib; path = MembershipCell.xib; sourceTree = "<group>"; };
		B5EA1261161D091800C774F3 /* LeagueTests.m */ = {isa = PBXFileReference; fileEncoding = 4; lastKnownFileType = sourcecode.c.objc; path = LeagueTests.m; sourceTree = "<group>"; };
		B5EA1366161D195500C774F3 /* AnswerTests.m */ = {isa = PBXFileReference; fileEncoding = 4; lastKnownFileType = sourcecode.c.objc; path = AnswerTests.m; sourceTree = "<group>"; };
		B5EA1369161D201A00C774F3 /* LoginTests.m */ = {isa = PBXFileReference; fileEncoding = 4; lastKnownFileType = sourcecode.c.objc; path = LoginTests.m; sourceTree = "<group>"; };
		B5EA136C161D205800C774F3 /* UserTests.m */ = {isa = PBXFileReference; fileEncoding = 4; lastKnownFileType = sourcecode.c.objc; path = UserTests.m; sourceTree = "<group>"; };
		B5EF1AFE1614A31700268EC4 /* FFObjectLoaderTests.m */ = {isa = PBXFileReference; fileEncoding = 4; lastKnownFileType = sourcecode.c.objc; path = FFObjectLoaderTests.m; sourceTree = "<group>"; };
		B5F1AEC8160388C600D28C1C /* prophets-ios.app */ = {isa = PBXFileReference; explicitFileType = wrapper.application; includeInIndex = 0; path = "prophets-ios.app"; sourceTree = BUILT_PRODUCTS_DIR; };
		B5F1AECC160388C600D28C1C /* UIKit.framework */ = {isa = PBXFileReference; includeInIndex = 1; lastKnownFileType = wrapper.framework; name = UIKit.framework; path = System/Library/Frameworks/UIKit.framework; sourceTree = SDKROOT; };
		B5F1AECE160388C600D28C1C /* Foundation.framework */ = {isa = PBXFileReference; includeInIndex = 1; lastKnownFileType = wrapper.framework; name = Foundation.framework; path = System/Library/Frameworks/Foundation.framework; sourceTree = SDKROOT; };
		B5F1AED0160388C600D28C1C /* CoreGraphics.framework */ = {isa = PBXFileReference; includeInIndex = 1; lastKnownFileType = wrapper.framework; name = CoreGraphics.framework; path = System/Library/Frameworks/CoreGraphics.framework; sourceTree = SDKROOT; };
		B5F1AED2160388C600D28C1C /* CoreData.framework */ = {isa = PBXFileReference; includeInIndex = 1; lastKnownFileType = wrapper.framework; name = CoreData.framework; path = System/Library/Frameworks/CoreData.framework; sourceTree = SDKROOT; };
		B5F1AED6160388C600D28C1C /* prophets-ios-Info.plist */ = {isa = PBXFileReference; lastKnownFileType = text.plist.xml; path = "prophets-ios-Info.plist"; sourceTree = "<group>"; };
		B5F1AED8160388C600D28C1C /* en */ = {isa = PBXFileReference; lastKnownFileType = text.plist.strings; name = en; path = en.lproj/InfoPlist.strings; sourceTree = "<group>"; };
		B5F1AEDA160388C600D28C1C /* main.m */ = {isa = PBXFileReference; lastKnownFileType = sourcecode.c.objc; path = main.m; sourceTree = "<group>"; };
		B5F1AEDC160388C600D28C1C /* prophets-ios-Prefix.pch */ = {isa = PBXFileReference; lastKnownFileType = sourcecode.c.h; path = "prophets-ios-Prefix.pch"; sourceTree = "<group>"; };
		B5F1AEDD160388C600D28C1C /* AppDelegate.h */ = {isa = PBXFileReference; lastKnownFileType = sourcecode.c.h; path = AppDelegate.h; sourceTree = "<group>"; };
		B5F1AEDE160388C600D28C1C /* AppDelegate.m */ = {isa = PBXFileReference; lastKnownFileType = sourcecode.c.objc; path = AppDelegate.m; sourceTree = "<group>"; };
		B5F1AEE1160388C600D28C1C /* prophets_ios.xcdatamodel */ = {isa = PBXFileReference; lastKnownFileType = wrapper.xcdatamodel; path = prophets_ios.xcdatamodel; sourceTree = "<group>"; };
		B5F1AEE8160388C700D28C1C /* prophets-iosTests.octest */ = {isa = PBXFileReference; explicitFileType = wrapper.cfbundle; includeInIndex = 0; path = "prophets-iosTests.octest"; sourceTree = BUILT_PRODUCTS_DIR; };
		B5F1AEE9160388C700D28C1C /* SenTestingKit.framework */ = {isa = PBXFileReference; lastKnownFileType = wrapper.framework; name = SenTestingKit.framework; path = Library/Frameworks/SenTestingKit.framework; sourceTree = DEVELOPER_DIR; };
		B5F1AEF2160388C700D28C1C /* prophets-iosTests-Info.plist */ = {isa = PBXFileReference; lastKnownFileType = text.plist.xml; path = "prophets-iosTests-Info.plist"; sourceTree = "<group>"; };
		B5F1AEF4160388C700D28C1C /* en */ = {isa = PBXFileReference; lastKnownFileType = text.plist.strings; name = en; path = en.lproj/InfoPlist.strings; sourceTree = "<group>"; };
		B5F1AF01160388E500D28C1C /* Storyboard_iPhone.storyboard */ = {isa = PBXFileReference; fileEncoding = 4; lastKnownFileType = file.storyboard; name = Storyboard_iPhone.storyboard; path = "prophets-ios/Storyboard_iPhone.storyboard"; sourceTree = "<group>"; };
		B5F1AF1C1603B87600D28C1C /* CFNetwork.framework */ = {isa = PBXFileReference; includeInIndex = 1; lastKnownFileType = wrapper.framework; name = CFNetwork.framework; path = System/Library/Frameworks/CFNetwork.framework; sourceTree = SDKROOT; };
		B5F1AF201603B89D00D28C1C /* Security.framework */ = {isa = PBXFileReference; includeInIndex = 1; lastKnownFileType = wrapper.framework; name = Security.framework; path = System/Library/Frameworks/Security.framework; sourceTree = SDKROOT; };
		B5F1AF241603B8B000D28C1C /* QuartzCore.framework */ = {isa = PBXFileReference; includeInIndex = 1; lastKnownFileType = wrapper.framework; name = QuartzCore.framework; path = System/Library/Frameworks/QuartzCore.framework; sourceTree = SDKROOT; };
		B5F1AF261603B8BF00D28C1C /* libxml2.dylib */ = {isa = PBXFileReference; includeInIndex = 1; lastKnownFileType = "compiled.mach-o.dylib"; name = libxml2.dylib; path = usr/lib/libxml2.dylib; sourceTree = SDKROOT; };
		B5FB94AE1636251A00471515 /* LeagueTabBarController.h */ = {isa = PBXFileReference; fileEncoding = 4; lastKnownFileType = sourcecode.c.h; path = LeagueTabBarController.h; sourceTree = "<group>"; };
		B5FB94AF1636251A00471515 /* LeagueTabBarController.m */ = {isa = PBXFileReference; fileEncoding = 4; lastKnownFileType = sourcecode.c.objc; path = LeagueTabBarController.m; sourceTree = "<group>"; };
		B5FB94B21636272300471515 /* back_arrow.png */ = {isa = PBXFileReference; lastKnownFileType = image.png; path = back_arrow.png; sourceTree = "<group>"; };
		B5FB94B31636272300471515 /* back_arrow@2x.png */ = {isa = PBXFileReference; lastKnownFileType = image.png; path = "back_arrow@2x.png"; sourceTree = "<group>"; };
/* End PBXFileReference section */

/* Begin PBXFrameworksBuildPhase section */
		B5F1AEC5160388C600D28C1C /* Frameworks */ = {
			isa = PBXFrameworksBuildPhase;
			buildActionMask = 2147483647;
			files = (
				B56E8F4816265271006DB56B /* MobileCoreServices.framework in Frameworks */,
				B56E8F461626526B006DB56B /* SystemConfiguration.framework in Frameworks */,
				B5F1AF271603B8BF00D28C1C /* libxml2.dylib in Frameworks */,
				B5F1AF251603B8B000D28C1C /* QuartzCore.framework in Frameworks */,
				B5F1AF211603B89D00D28C1C /* Security.framework in Frameworks */,
				B5F1AF1D1603B87600D28C1C /* CFNetwork.framework in Frameworks */,
				B5F1AECD160388C600D28C1C /* UIKit.framework in Frameworks */,
				B5F1AECF160388C600D28C1C /* Foundation.framework in Frameworks */,
				B5F1AED1160388C600D28C1C /* CoreGraphics.framework in Frameworks */,
				B5F1AED3160388C600D28C1C /* CoreData.framework in Frameworks */,
				CCAD6CC9904141B2A8651A20 /* libPods.a in Frameworks */,
			);
			runOnlyForDeploymentPostprocessing = 0;
		};
		B5F1AEE4160388C700D28C1C /* Frameworks */ = {
			isa = PBXFrameworksBuildPhase;
			buildActionMask = 2147483647;
			files = (
				B56E8F4A162652D0006DB56B /* SystemConfiguration.framework in Frameworks */,
				B56E8F49162652CA006DB56B /* MobileCoreServices.framework in Frameworks */,
				B5EA136E161D232000C774F3 /* Security.framework in Frameworks */,
				B5F1AEEA160388C700D28C1C /* SenTestingKit.framework in Frameworks */,
				B5F1AEEB160388C700D28C1C /* UIKit.framework in Frameworks */,
				B5F1AEEC160388C700D28C1C /* Foundation.framework in Frameworks */,
				B5F1AEED160388C700D28C1C /* CoreData.framework in Frameworks */,
			);
			runOnlyForDeploymentPostprocessing = 0;
		};
/* End PBXFrameworksBuildPhase section */

/* Begin PBXGroup section */
		B5094EE91625C11400947FAC /* images */ = {
			isa = PBXGroup;
			children = (
				B5A2F3A816396F6200034319 /* tabs */,
				B5FB94B21636272300471515 /* back_arrow.png */,
				B5FB94B31636272300471515 /* back_arrow@2x.png */,
				B5B147431634EF4D005F1B5A /* home.png */,
				B5B147441634EF4D005F1B5A /* home@2x.png */,
				B5B1472F1634E044005F1B5A /* create_league_button.png */,
				B5B147301634E044005F1B5A /* create_league_button@2x.png */,
				B5B147311634E044005F1B5A /* current_leagues_button.png */,
				B5B147321634E044005F1B5A /* current_leagues_button@2x.png */,
				B5B147331634E044005F1B5A /* find_league_button.png */,
				B5B147341634E045005F1B5A /* find_league_button@2x.png */,
				B5B147351634E045005F1B5A /* logo_p_small.png */,
				B5B147361634E045005F1B5A /* logo_p_small@2x.png */,
				B5B147371634E045005F1B5A /* settings_button.png */,
				B5B147381634E045005F1B5A /* settings_button@2x.png */,
				B5B1472A1634C80A005F1B5A /* table_cell_arrow@2x.png */,
				B5B1472816348F0A005F1B5A /* table_cell_arrow.png */,
				B5B1471B163354A7005F1B5A /* chicago_flag.png */,
				B5B1471C163354A7005F1B5A /* chicago_flag@2x.png */,
				B5B1471D163354A7005F1B5A /* clear_button.png */,
				B5B1471E163354A7005F1B5A /* clear_button@2x.png */,
				B5B1471F163354A7005F1B5A /* logo_prophets.png */,
				B5B14720163354A7005F1B5A /* logo_prophets@2x.png */,
				B570C333162F6D8900F14C2C /* Default-568h@2x.png */,
				B54AA0F3162EFDE100F2A3CB /* logo_p.png */,
				B54AA0F4162EFDE100F2A3CB /* logo_p@2x.png */,
				B5544CA9162E342100431B54 /* red_footer_button.png */,
				B5544CAA162E342100431B54 /* red_footer_button@2x.png */,
				B56E8FFB1627BB5C006DB56B /* blueArrow.png */,
				B5094EF81625EB9F00947FAC /* background.png */,
				B5094EF01625C6E300947FAC /* background@2x.png */,
			);
			name = images;
			path = "prophets-ios/images";
			sourceTree = "<group>";
		};
		B54AA0FB162F1E7700F2A3CB /* Utilities */ = {
			isa = PBXGroup;
			children = (
				B54AA0FC162F1E8C00F2A3CB /* Utilities.h */,
				B54AA0FD162F1E8C00F2A3CB /* Utilities.m */,
			);
			name = Utilities;
			sourceTree = "<group>";
		};
		B54AA109162F36D000F2A3CB /* FormCells */ = {
			isa = PBXGroup;
			children = (
				B54AA106162F369400F2A3CB /* FFFormFieldCell.h */,
				B54AA107162F369400F2A3CB /* FFFormFieldCell.m */,
				B56E8F95162746E4006DB56B /* FFTextFieldCell.h */,
				B56E8F96162746E4006DB56B /* FFTextFieldCell.m */,
				B56E8F97162746E4006DB56B /* FFTextFieldCell.xib */,
			);
			name = FormCells;
			sourceTree = "<group>";
		};
		B54AA10A162F3FCD00F2A3CB /* FFTable */ = {
			isa = PBXGroup;
			children = (
				B5094EF51625E7F500947FAC /* FFBaseTableViewController.h */,
				B5094EF61625E7F500947FAC /* FFBaseTableViewController.m */,
				B5A2F35C163844FA00034319 /* FFFetchedResultsViewController.h */,
				B5A2F35D163844FA00034319 /* FFFetchedResultsViewController.m */,
				B5094F061626040300947FAC /* FFBaseCell.h */,
				B5094F071626040300947FAC /* FFBaseCell.m */,
				B56E8FE7162778BE006DB56B /* FFPullToRefreshHeader.h */,
				B56E8FE8162778BE006DB56B /* FFPullToRefreshHeader.m */,
				B521AC05162B64500009A8E4 /* FFTableFooterButtonView.h */,
				B521AC06162B64500009A8E4 /* FFTableFooterButtonView.m */,
				B54AA10B162F425200F2A3CB /* FFForm */,
			);
			name = FFTable;
			sourceTree = "<group>";
		};
		B54AA10B162F425200F2A3CB /* FFForm */ = {
			isa = PBXGroup;
			children = (
				B56E8FF816278A43006DB56B /* FFFormViewController.h */,
				B56E8FF916278A43006DB56B /* FFFormViewController.m */,
				B5B147091632021A005F1B5A /* FormFields */,
				B54AA109162F36D000F2A3CB /* FormCells */,
			);
			name = FFForm;
			sourceTree = "<group>";
		};
		B56E8F9A162746ED006DB56B /* TableCells */ = {
			isa = PBXGroup;
			children = (
				B5D33D7E1618C4900043A0E8 /* MembershipCell.h */,
				B5D33D7F1618C4900043A0E8 /* MembershipCell.m */,
				B5D33D811618C9450043A0E8 /* MembershipCell.xib */,
			);
			name = TableCells;
			sourceTree = "<group>";
		};
		B56F40B2160A3B5C007D445F /* Libraries */ = {
			isa = PBXGroup;
			children = (
				B57D0942160D250B0060A11E /* KeychainItemWrapper.h */,
				B57D0943160D250B0060A11E /* KeychainItemWrapper.m */,
			);
			name = Libraries;
			path = ..;
			sourceTree = "<group>";
		};
		B56F40B6160A4D4C007D445F /* Resources */ = {
			isa = PBXGroup;
			children = (
				B570C331162F6D7900F14C2C /* FFBaseTableViewController.xib */,
				B5094EE91625C11400947FAC /* images */,
				B5F1AEE0160388C600D28C1C /* prophets_ios.xcdatamodeld */,
				B5F1AF01160388E500D28C1C /* Storyboard_iPhone.storyboard */,
				B5F1AED5160388C600D28C1C /* Supporting Files */,
			);
			name = Resources;
			sourceTree = "<group>";
		};
		B56F40D4160A7833007D445F /* Models */ = {
			isa = PBXGroup;
			children = (
				B5B147031631D55D005F1B5A /* Resource.h */,
				B5B147041631D55D005F1B5A /* Resource.m */,
				B56F40D1160A7828007D445F /* User.h */,
				B56F40D2160A7828007D445F /* User.m */,
				B56F40D5160A78F3007D445F /* League.h */,
				B56F40D6160A78F3007D445F /* League.m */,
				B56F40D8160A7913007D445F /* Question.h */,
				B56F40D9160A7914007D445F /* Question.m */,
				B56F40DB160A7939007D445F /* Answer.h */,
				B56F40DC160A7939007D445F /* Answer.m */,
				B56F40DE160A7948007D445F /* Bet.h */,
				B56F40DF160A7949007D445F /* Bet.m */,
				B56F40E1160A795A007D445F /* Membership.h */,
				B56F40E2160A795A007D445F /* Membership.m */,
			);
			name = Models;
			sourceTree = "<group>";
		};
		B56F40E4160A87CC007D445F /* Application */ = {
			isa = PBXGroup;
			children = (
				B5EA1369161D201A00C774F3 /* LoginTests.m */,
			);
			name = Application;
			sourceTree = "<group>";
		};
		B56F40E5160A87D4007D445F /* Logic */ = {
			isa = PBXGroup;
			children = (
				B56F40E6160A87D8007D445F /* Models */,
				B5EF1AFE1614A31700268EC4 /* FFObjectLoaderTests.m */,
			);
			name = Logic;
			sourceTree = "<group>";
		};
		B56F40E6160A87D8007D445F /* Models */ = {
			isa = PBXGroup;
			children = (
				B5EA1261161D091800C774F3 /* LeagueTests.m */,
				B5EA1366161D195500C774F3 /* AnswerTests.m */,
				B5EA136C161D205800C774F3 /* UserTests.m */,
			);
			name = Models;
			sourceTree = "<group>";
		};
		B57D0925160BE4AB0060A11E /* Controllers */ = {
			isa = PBXGroup;
			children = (
				B5A2F35716377E5B00034319 /* Logged Out */,
				B5A2F35116376D5600034319 /* FFBaseViewController.h */,
				B5A2F35216376D5600034319 /* FFBaseViewController.m */,
				B5B1472C1634DE08005F1B5A /* HomeViewController.h */,
				B5B1472D1634DE09005F1B5A /* HomeViewController.m */,
				B5D33D7C161654BA0043A0E8 /* MembershipsViewController.h */,
				B5D33D7A161652590043A0E8 /* MembershipsViewController.m */,
				B5FB94AE1636251A00471515 /* LeagueTabBarController.h */,
				B5FB94AF1636251A00471515 /* LeagueTabBarController.m */,
				B58B5F411636D9FD0082640B /* QuestionsViewController.h */,
				B58B5F421636D9FD0082640B /* QuestionsViewController.m */,
			);
			name = Controllers;
			sourceTree = "<group>";
		};
		B5956AF51613CFE500C0A87E /* Fixtures */ = {
			isa = PBXGroup;
			children = (
				B5956AF81613D77200C0A87E /* user.json */,
				B556F429161CCDEF00A33A8E /* memberships.json */,
			);
			name = Fixtures;
			sourceTree = "<group>";
		};
		B5A2F35716377E5B00034319 /* Logged Out */ = {
			isa = PBXGroup;
			children = (
				B57D092B160CFB4F0060A11E /* LoginViewController.h */,
				B57D092C160CFB4F0060A11E /* LoginViewController.m */,
				B560569B16226B82004470DC /* RegistrationViewController.h */,
				B560569C16226B82004470DC /* RegistrationViewController.m */,
				B560569E16226BEA004470DC /* LaunchViewController.h */,
				B560569F16226BEA004470DC /* LaunchViewController.m */,
			);
			name = "Logged Out";
			sourceTree = "<group>";
		};
		B5A2F3A816396F6200034319 /* tabs */ = {
			isa = PBXGroup;
			children = (
				B5A2F3A61638BE4400034319 /* leaguemenu_allquestions@2x.png */,
				B5A2F3A41638BE3B00034319 /* leaguemenu_allquestions.png */,
				B5A2F3961638BBD900034319 /* leaguemenu_bgnd@2x.png */,
				B5A2F3971638BBD900034319 /* leaguemenu_clubroom@2x.png */,
				B5A2F3981638BBD900034319 /* leaguemenu_divider@2x.png */,
				B5A2F3991638BBD900034319 /* leaguemenu_mybets@2x.png */,
				B5A2F39A1638BBD900034319 /* leaguemenu_settings@2x.png */,
				B5A2F39B1638BBD900034319 /* leaguemenu_stats@2x.png */,
			);
			name = tabs;
			sourceTree = "<group>";
		};
		B5B147091632021A005F1B5A /* FormFields */ = {
			isa = PBXGroup;
			children = (
				B54AA10C162F428000F2A3CB /* FFFormField.h */,
				B54AA10D162F428000F2A3CB /* FFFormField.m */,
				B5B1470616320215005F1B5A /* FFFormTextField.h */,
				B5B1470716320215005F1B5A /* FFFormTextField.m */,
			);
			name = FormFields;
			sourceTree = "<group>";
		};
		B5D33D6D161613990043A0E8 /* Categories */ = {
			isa = PBXGroup;
			children = (
				B5D33D6E161613F40043A0E8 /* NSManagedObjectContext+Additions.h */,
				B5D33D7716163A070043A0E8 /* NSManagedObjectContext+Additions.m */,
				B5D33D71161626470043A0E8 /* NSManagedObject+Additions.h */,
				B5D33D72161626470043A0E8 /* NSManagedObject+Additions.m */,
				B556F41F161CC83300A33A8E /* NSDecimalNumber+Additions.h */,
				B556F420161CC83300A33A8E /* NSDecimalNumber+Additions.m */,
				B556F422161CC87500A33A8E /* NSNumber+Additions.h */,
				B556F423161CC87500A33A8E /* NSNumber+Additions.m */,
				B5544CB0162EE13300431B54 /* UIColor+Additions.h */,
				B5544CB1162EE13300431B54 /* UIColor+Additions.m */,
				B54AA103162F34A600F2A3CB /* NSString+Additions.h */,
				B54AA104162F34A600F2A3CB /* NSString+Additions.m */,
				B5A2F354163776B200034319 /* UIBarButtonItem+Additions.h */,
				B5A2F355163776B200034319 /* UIBarButtonItem+Additions.m */,
			);
			name = Categories;
			sourceTree = "<group>";
		};
		B5D33D7D1618C4700043A0E8 /* Views */ = {
			isa = PBXGroup;
			children = (
				B56E8F9A162746ED006DB56B /* TableCells */,
			);
			name = Views;
			sourceTree = "<group>";
		};
		B5F1AEBD160388C600D28C1C = {
			isa = PBXGroup;
			children = (
				B5F1AED4160388C600D28C1C /* prophets-ios */,
				B56F40B6160A4D4C007D445F /* Resources */,
				B5F1AEF0160388C700D28C1C /* prophets-iosTests */,
				B5F1AECB160388C600D28C1C /* Frameworks */,
				B5F1AEC9160388C600D28C1C /* Products */,
				62B3D712213645408B3D1811 /* Pods.xcconfig */,
			);
			sourceTree = "<group>";
		};
		B5F1AEC9160388C600D28C1C /* Products */ = {
			isa = PBXGroup;
			children = (
				B5F1AEC8160388C600D28C1C /* prophets-ios.app */,
				B5F1AEE8160388C700D28C1C /* prophets-iosTests.octest */,
			);
			name = Products;
			sourceTree = "<group>";
		};
		B5F1AECB160388C600D28C1C /* Frameworks */ = {
			isa = PBXGroup;
			children = (
				B5F1AF261603B8BF00D28C1C /* libxml2.dylib */,
				B56E8F4716265271006DB56B /* MobileCoreServices.framework */,
				B56E8F451626526B006DB56B /* SystemConfiguration.framework */,
				B5F1AF241603B8B000D28C1C /* QuartzCore.framework */,
				B5F1AF201603B89D00D28C1C /* Security.framework */,
				B5F1AF1C1603B87600D28C1C /* CFNetwork.framework */,
				B5F1AECC160388C600D28C1C /* UIKit.framework */,
				B5F1AECE160388C600D28C1C /* Foundation.framework */,
				B5F1AED0160388C600D28C1C /* CoreGraphics.framework */,
				B5F1AED2160388C600D28C1C /* CoreData.framework */,
				B5F1AEE9160388C700D28C1C /* SenTestingKit.framework */,
				B080843E1DFF40039890AE89 /* libPods.a */,
			);
			name = Frameworks;
			sourceTree = "<group>";
		};
		B5F1AED4160388C600D28C1C /* prophets-ios */ = {
			isa = PBXGroup;
			children = (
				B56F40B2160A3B5C007D445F /* Libraries */,
				B54AA10A162F3FCD00F2A3CB /* FFTable */,
				B54AA0FB162F1E7700F2A3CB /* Utilities */,
				B5D33D6D161613990043A0E8 /* Categories */,
				B5D33D7D1618C4700043A0E8 /* Views */,
				B57D0925160BE4AB0060A11E /* Controllers */,
				B56F40D4160A7833007D445F /* Models */,
				B56F40BF160A52AC007D445F /* FFApplicationConstants.h */,
				B56F40C0160A52AC007D445F /* FFApplicationConstants.m */,
				B56E8F8A16272551006DB56B /* FFObjectManager.h */,
				B56E8F8B16272551006DB56B /* FFObjectManager.m */,
				B56E8F8E162739E4006DB56B /* FFRouter.h */,
				B56E8F8F162739E4006DB56B /* FFRouter.m */,
				B5F1AEDD160388C600D28C1C /* AppDelegate.h */,
				B5F1AEDE160388C600D28C1C /* AppDelegate.m */,
				B5F1AEDC160388C600D28C1C /* prophets-ios-Prefix.pch */,
			);
			path = "prophets-ios";
			sourceTree = "<group>";
		};
		B5F1AED5160388C600D28C1C /* Supporting Files */ = {
			isa = PBXGroup;
			children = (
				B5F1AED6160388C600D28C1C /* prophets-ios-Info.plist */,
				B5F1AED7160388C600D28C1C /* InfoPlist.strings */,
				B5F1AEDA160388C600D28C1C /* main.m */,
				B5332392161F5ACA0094D2DF /* DevConfig.xcconfig */,
				B5332393161F5CC90094D2DF /* ProdConfig.xcconfig */,
			);
			name = "Supporting Files";
			path = "prophets-ios";
			sourceTree = "<group>";
		};
		B5F1AEF0160388C700D28C1C /* prophets-iosTests */ = {
			isa = PBXGroup;
			children = (
				B5956AF51613CFE500C0A87E /* Fixtures */,
				B56F40E5160A87D4007D445F /* Logic */,
				B56F40E4160A87CC007D445F /* Application */,
				B5F1AEF1160388C700D28C1C /* Supporting Files */,
				B516A045161E000200736C70 /* FFBaseTestCase.h */,
				B516A046161E000200736C70 /* FFBaseTestCase.m */,
			);
			path = "prophets-iosTests";
			sourceTree = "<group>";
		};
		B5F1AEF1160388C700D28C1C /* Supporting Files */ = {
			isa = PBXGroup;
			children = (
				B5F1AEF2160388C700D28C1C /* prophets-iosTests-Info.plist */,
				B5F1AEF3160388C700D28C1C /* InfoPlist.strings */,
				B533238F161F4BA30094D2DF /* Factories.h */,
				B5332390161F4BA30094D2DF /* Factories.m */,
			);
			name = "Supporting Files";
			sourceTree = "<group>";
		};
/* End PBXGroup section */

/* Begin PBXNativeTarget section */
		B5F1AEC7160388C600D28C1C /* prophets-ios */ = {
			isa = PBXNativeTarget;
			buildConfigurationList = B5F1AEFB160388C700D28C1C /* Build configuration list for PBXNativeTarget "prophets-ios" */;
			buildPhases = (
				B5F1AEC4160388C600D28C1C /* Sources */,
				B5F1AEC5160388C600D28C1C /* Frameworks */,
				B5F1AEC6160388C600D28C1C /* Resources */,
				0CFCCFE62D4F4A33B6CB45AE /* Copy Pods Resources */,
			);
			buildRules = (
			);
			dependencies = (
			);
			name = "prophets-ios";
			productName = "prophets-ios";
			productReference = B5F1AEC8160388C600D28C1C /* prophets-ios.app */;
			productType = "com.apple.product-type.application";
		};
		B5F1AEE7160388C700D28C1C /* prophets-iosTests */ = {
			isa = PBXNativeTarget;
			buildConfigurationList = B5F1AEFE160388C700D28C1C /* Build configuration list for PBXNativeTarget "prophets-iosTests" */;
			buildPhases = (
				B5F1AEE3160388C700D28C1C /* Sources */,
				B5F1AEE4160388C700D28C1C /* Frameworks */,
				B5F1AEE5160388C700D28C1C /* Resources */,
				B5F1AEE6160388C700D28C1C /* ShellScript */,
			);
			buildRules = (
			);
			dependencies = (
				B5F1AEEF160388C700D28C1C /* PBXTargetDependency */,
			);
			name = "prophets-iosTests";
			productName = "prophets-iosTests";
			productReference = B5F1AEE8160388C700D28C1C /* prophets-iosTests.octest */;
			productType = "com.apple.product-type.bundle";
		};
/* End PBXNativeTarget section */

/* Begin PBXProject section */
		B5F1AEBF160388C600D28C1C /* Project object */ = {
			isa = PBXProject;
			attributes = {
				LastUpgradeCheck = 0440;
				ORGANIZATIONNAME = "Benjamin Roesch";
			};
			buildConfigurationList = B5F1AEC2160388C600D28C1C /* Build configuration list for PBXProject "prophets-ios" */;
			compatibilityVersion = "Xcode 3.2";
			developmentRegion = English;
			hasScannedForEncodings = 0;
			knownRegions = (
				en,
			);
			mainGroup = B5F1AEBD160388C600D28C1C;
			productRefGroup = B5F1AEC9160388C600D28C1C /* Products */;
			projectDirPath = "";
			projectRoot = "";
			targets = (
				B5F1AEC7160388C600D28C1C /* prophets-ios */,
				B5F1AEE7160388C700D28C1C /* prophets-iosTests */,
			);
		};
/* End PBXProject section */

/* Begin PBXResourcesBuildPhase section */
		B5F1AEC6160388C600D28C1C /* Resources */ = {
			isa = PBXResourcesBuildPhase;
			buildActionMask = 2147483647;
			files = (
				B5F1AED9160388C600D28C1C /* InfoPlist.strings in Resources */,
				B5F1AF02160388E500D28C1C /* Storyboard_iPhone.storyboard in Resources */,
				B5D33D821618C9450043A0E8 /* MembershipCell.xib in Resources */,
				B5094EF11625C6E300947FAC /* background@2x.png in Resources */,
				B5094EF91625EB9F00947FAC /* background.png in Resources */,
				B56E8F99162746E4006DB56B /* FFTextFieldCell.xib in Resources */,
				B56E8FFC1627BB5C006DB56B /* blueArrow.png in Resources */,
				B5544CAB162E342100431B54 /* red_footer_button.png in Resources */,
				B5544CAC162E342100431B54 /* red_footer_button@2x.png in Resources */,
				B54AA0F5162EFDE100F2A3CB /* logo_p.png in Resources */,
				B54AA0F6162EFDE100F2A3CB /* logo_p@2x.png in Resources */,
				B570C332162F6D7900F14C2C /* FFBaseTableViewController.xib in Resources */,
				B570C334162F6D8900F14C2C /* Default-568h@2x.png in Resources */,
				B5B14721163354A7005F1B5A /* chicago_flag.png in Resources */,
				B5B14722163354A7005F1B5A /* chicago_flag@2x.png in Resources */,
				B5B14723163354A7005F1B5A /* clear_button.png in Resources */,
				B5B14724163354A7005F1B5A /* clear_button@2x.png in Resources */,
				B5B14725163354A7005F1B5A /* logo_prophets.png in Resources */,
				B5B14726163354A7005F1B5A /* logo_prophets@2x.png in Resources */,
				B5B1472916348F0A005F1B5A /* table_cell_arrow.png in Resources */,
				B5B1472B1634C80A005F1B5A /* table_cell_arrow@2x.png in Resources */,
				B5B147391634E046005F1B5A /* create_league_button.png in Resources */,
				B5B1473A1634E046005F1B5A /* create_league_button@2x.png in Resources */,
				B5B1473B1634E046005F1B5A /* current_leagues_button.png in Resources */,
				B5B1473C1634E046005F1B5A /* current_leagues_button@2x.png in Resources */,
				B5B1473D1634E046005F1B5A /* find_league_button.png in Resources */,
				B5B1473E1634E046005F1B5A /* find_league_button@2x.png in Resources */,
				B5B1473F1634E046005F1B5A /* logo_p_small.png in Resources */,
				B5B147401634E046005F1B5A /* logo_p_small@2x.png in Resources */,
				B5B147411634E046005F1B5A /* settings_button.png in Resources */,
				B5B147421634E046005F1B5A /* settings_button@2x.png in Resources */,
				B5B147451634EF4D005F1B5A /* home.png in Resources */,
				B5B147461634EF4D005F1B5A /* home@2x.png in Resources */,
				B5FB94B41636272300471515 /* back_arrow.png in Resources */,
				B5FB94B51636272300471515 /* back_arrow@2x.png in Resources */,
				B5A2F39D1638BBD900034319 /* leaguemenu_bgnd@2x.png in Resources */,
				B5A2F39E1638BBD900034319 /* leaguemenu_clubroom@2x.png in Resources */,
				B5A2F39F1638BBD900034319 /* leaguemenu_divider@2x.png in Resources */,
				B5A2F3A01638BBD900034319 /* leaguemenu_mybets@2x.png in Resources */,
				B5A2F3A11638BBD900034319 /* leaguemenu_settings@2x.png in Resources */,
				B5A2F3A21638BBD900034319 /* leaguemenu_stats@2x.png in Resources */,
				B5A2F3A51638BE3B00034319 /* leaguemenu_allquestions.png in Resources */,
				B5A2F3A71638BE4400034319 /* leaguemenu_allquestions@2x.png in Resources */,
			);
			runOnlyForDeploymentPostprocessing = 0;
		};
		B5F1AEE5160388C700D28C1C /* Resources */ = {
			isa = PBXResourcesBuildPhase;
			buildActionMask = 2147483647;
			files = (
				B5F1AEF5160388C700D28C1C /* InfoPlist.strings in Resources */,
				B5956AF91613D77200C0A87E /* user.json in Resources */,
				B556F42A161CCDEF00A33A8E /* memberships.json in Resources */,
			);
			runOnlyForDeploymentPostprocessing = 0;
		};
/* End PBXResourcesBuildPhase section */

/* Begin PBXShellScriptBuildPhase section */
		0CFCCFE62D4F4A33B6CB45AE /* Copy Pods Resources */ = {
			isa = PBXShellScriptBuildPhase;
			buildActionMask = 2147483647;
			files = (
			);
			inputPaths = (
			);
			name = "Copy Pods Resources";
			outputPaths = (
			);
			runOnlyForDeploymentPostprocessing = 0;
			shellPath = /bin/sh;
			shellScript = "\"${SRCROOT}/Pods/Pods-resources.sh\"\n";
		};
		B5F1AEE6160388C700D28C1C /* ShellScript */ = {
			isa = PBXShellScriptBuildPhase;
			buildActionMask = 2147483647;
			files = (
			);
			inputPaths = (
			);
			outputPaths = (
			);
			runOnlyForDeploymentPostprocessing = 0;
			shellPath = /bin/sh;
			shellScript = "# Run the unit tests in this test bundle.\n\"${SYSTEM_DEVELOPER_DIR}/Tools/RunUnitTests\"\n";
		};
/* End PBXShellScriptBuildPhase section */

/* Begin PBXSourcesBuildPhase section */
		B5F1AEC4160388C600D28C1C /* Sources */ = {
			isa = PBXSourcesBuildPhase;
			buildActionMask = 2147483647;
			files = (
				B5F1AEDB160388C600D28C1C /* main.m in Sources */,
				B5F1AEDF160388C600D28C1C /* AppDelegate.m in Sources */,
				B5F1AEE2160388C600D28C1C /* prophets_ios.xcdatamodeld in Sources */,
				B56F40C1160A52AD007D445F /* FFApplicationConstants.m in Sources */,
				B56F40D3160A7829007D445F /* User.m in Sources */,
				B56F40D7160A78F3007D445F /* League.m in Sources */,
				B56F40DA160A7914007D445F /* Question.m in Sources */,
				B56F40DD160A7939007D445F /* Answer.m in Sources */,
				B56F40E0160A7949007D445F /* Bet.m in Sources */,
				B56F40E3160A795B007D445F /* Membership.m in Sources */,
				B57D092D160CFB4F0060A11E /* LoginViewController.m in Sources */,
				B57D0944160D250C0060A11E /* KeychainItemWrapper.m in Sources */,
				B5D33D73161626470043A0E8 /* NSManagedObject+Additions.m in Sources */,
				B5D33D7816163A070043A0E8 /* NSManagedObjectContext+Additions.m in Sources */,
				B5D33D7B161652590043A0E8 /* MembershipsViewController.m in Sources */,
				B5D33D801618C4900043A0E8 /* MembershipCell.m in Sources */,
				B556F421161CC83300A33A8E /* NSDecimalNumber+Additions.m in Sources */,
				B556F424161CC87500A33A8E /* NSNumber+Additions.m in Sources */,
				B560569D16226B82004470DC /* RegistrationViewController.m in Sources */,
				B56056A016226BEA004470DC /* LaunchViewController.m in Sources */,
				B5094EF71625E7F500947FAC /* FFBaseTableViewController.m in Sources */,
				B5094F081626040300947FAC /* FFBaseCell.m in Sources */,
				B56E8F8C16272552006DB56B /* FFObjectManager.m in Sources */,
				B56E8F90162739E4006DB56B /* FFRouter.m in Sources */,
				B56E8F98162746E4006DB56B /* FFTextFieldCell.m in Sources */,
				B56E8FE9162778BE006DB56B /* FFPullToRefreshHeader.m in Sources */,
				B56E8FFA16278A43006DB56B /* FFFormViewController.m in Sources */,
				B521AC07162B64500009A8E4 /* FFTableFooterButtonView.m in Sources */,
				B5544CB2162EE13300431B54 /* UIColor+Additions.m in Sources */,
				B54AA0FE162F1E8C00F2A3CB /* Utilities.m in Sources */,
				B54AA105162F34A600F2A3CB /* NSString+Additions.m in Sources */,
				B54AA108162F369500F2A3CB /* FFFormFieldCell.m in Sources */,
				B54AA10E162F428000F2A3CB /* FFFormField.m in Sources */,
				B5B147051631D55D005F1B5A /* Resource.m in Sources */,
				B5B1470816320215005F1B5A /* FFFormTextField.m in Sources */,
				B5B1472E1634DE09005F1B5A /* HomeViewController.m in Sources */,
				B5FB94B01636251A00471515 /* LeagueTabBarController.m in Sources */,
				B58B5F431636D9FD0082640B /* QuestionsViewController.m in Sources */,
				B5A2F35316376D5700034319 /* FFBaseViewController.m in Sources */,
				B5A2F356163776B200034319 /* UIBarButtonItem+Additions.m in Sources */,
				B5A2F35E163844FA00034319 /* FFFetchedResultsViewController.m in Sources */,
			);
			runOnlyForDeploymentPostprocessing = 0;
		};
		B5F1AEE3160388C700D28C1C /* Sources */ = {
			isa = PBXSourcesBuildPhase;
			buildActionMask = 2147483647;
			files = (
				B5EF1AFF1614A31700268EC4 /* FFObjectLoaderTests.m in Sources */,
				B5EA1262161D091800C774F3 /* LeagueTests.m in Sources */,
				B5EA1367161D195500C774F3 /* AnswerTests.m in Sources */,
				B5EA136A161D201A00C774F3 /* LoginTests.m in Sources */,
				B5EA136D161D205800C774F3 /* UserTests.m in Sources */,
				B516A047161E000200736C70 /* FFBaseTestCase.m in Sources */,
				B5332391161F4BA30094D2DF /* Factories.m in Sources */,
			);
			runOnlyForDeploymentPostprocessing = 0;
		};
/* End PBXSourcesBuildPhase section */

/* Begin PBXTargetDependency section */
		B5F1AEEF160388C700D28C1C /* PBXTargetDependency */ = {
			isa = PBXTargetDependency;
			target = B5F1AEC7160388C600D28C1C /* prophets-ios */;
			targetProxy = B5F1AEEE160388C700D28C1C /* PBXContainerItemProxy */;
		};
/* End PBXTargetDependency section */

/* Begin PBXVariantGroup section */
		B5F1AED7160388C600D28C1C /* InfoPlist.strings */ = {
			isa = PBXVariantGroup;
			children = (
				B5F1AED8160388C600D28C1C /* en */,
			);
			name = InfoPlist.strings;
			sourceTree = "<group>";
		};
		B5F1AEF3160388C700D28C1C /* InfoPlist.strings */ = {
			isa = PBXVariantGroup;
			children = (
				B5F1AEF4160388C700D28C1C /* en */,
			);
			name = InfoPlist.strings;
			sourceTree = "<group>";
		};
/* End PBXVariantGroup section */

/* Begin XCBuildConfiguration section */
		B516A03F161DF73E00736C70 /* Staging */ = {
			isa = XCBuildConfiguration;
			baseConfigurationReference = B5332392161F5ACA0094D2DF /* DevConfig.xcconfig */;
			buildSettings = {
				ALWAYS_SEARCH_USER_PATHS = NO;
				ARCHS = "$(ARCHS_STANDARD_32_BIT)";
				CLANG_CXX_LANGUAGE_STANDARD = "gnu++0x";
				CLANG_ENABLE_OBJC_ARC = YES;
				CLANG_WARN__DUPLICATE_METHOD_MATCH = YES;
				"CODE_SIGN_IDENTITY[sdk=iphoneos*]" = "iPhone Developer";
				COPY_PHASE_STRIP = YES;
				GCC_C_LANGUAGE_STANDARD = gnu99;
				GCC_PREPROCESSOR_DEFINITIONS = (
					"PRODUCTION=1",
					"APP_ENV=STAGING",
				);
				GCC_VERSION = com.apple.compilers.llvm.clang.1_0;
				GCC_WARN_ABOUT_RETURN_TYPE = YES;
				GCC_WARN_UNINITIALIZED_AUTOS = YES;
				GCC_WARN_UNUSED_VARIABLE = YES;
				IPHONEOS_DEPLOYMENT_TARGET = 6.0;
				OTHER_CFLAGS = "-DNS_BLOCK_ASSERTIONS=1";
				SDKROOT = iphoneos;
				TARGETED_DEVICE_FAMILY = "1,2";
				VALIDATE_PRODUCT = YES;
			};
			name = Staging;
		};
		B516A040161DF73E00736C70 /* Staging */ = {
			isa = XCBuildConfiguration;
			baseConfigurationReference = 62B3D712213645408B3D1811 /* Pods.xcconfig */;
			buildSettings = {
				GCC_PRECOMPILE_PREFIX_HEADER = YES;
				GCC_PREFIX_HEADER = "prophets-ios/prophets-ios-Prefix.pch";
				GCC_PREPROCESSOR_DEFINITIONS = "$(inherited)";
				HEADER_SEARCH_PATHS = "$(inherited)";
				INFOPLIST_FILE = "prophets-ios/prophets-ios-Info.plist";
				OTHER_LDFLAGS = (
					"-all_load",
					"$(inherited)",
				);
				PRODUCT_NAME = "$(TARGET_NAME)";
				WRAPPER_EXTENSION = app;
			};
			name = Staging;
		};
		B516A041161DF73E00736C70 /* Staging */ = {
			isa = XCBuildConfiguration;
			baseConfigurationReference = 62B3D712213645408B3D1811 /* Pods.xcconfig */;
			buildSettings = {
				BUNDLE_LOADER = "$(BUILT_PRODUCTS_DIR)/prophets-ios.app/prophets-ios";
				FRAMEWORK_SEARCH_PATHS = (
					"\"$(SDKROOT)/Developer/Library/Frameworks\"",
					"\"$(DEVELOPER_LIBRARY_DIR)/Frameworks\"",
				);
				GCC_PRECOMPILE_PREFIX_HEADER = YES;
				GCC_PREFIX_HEADER = "prophets-ios/prophets-ios-Prefix.pch";
				GCC_PREPROCESSOR_DEFINITIONS = "$(inherited)";
				HEADER_SEARCH_PATHS = "$(inherited)";
				INFOPLIST_FILE = "prophets-iosTests/prophets-iosTests-Info.plist";
				LIBRARY_SEARCH_PATHS = (
					"$(inherited)",
					"\"$(SRCROOT)/prophets-iosTests\"",
				);
				OTHER_LDFLAGS = "";
				PRODUCT_NAME = "$(TARGET_NAME)";
				TEST_HOST = "$(BUNDLE_LOADER)";
				WRAPPER_EXTENSION = octest;
			};
			name = Staging;
		};
		B516A042161DF74200736C70 /* Test */ = {
			isa = XCBuildConfiguration;
			baseConfigurationReference = B5332392161F5ACA0094D2DF /* DevConfig.xcconfig */;
			buildSettings = {
				ALWAYS_SEARCH_USER_PATHS = NO;
				ARCHS = "$(ARCHS_STANDARD_32_BIT)";
				CLANG_CXX_LANGUAGE_STANDARD = "gnu++0x";
				CLANG_ENABLE_OBJC_ARC = YES;
				CLANG_WARN__DUPLICATE_METHOD_MATCH = YES;
				"CODE_SIGN_IDENTITY[sdk=iphoneos*]" = "iPhone Developer";
				COPY_PHASE_STRIP = NO;
				GCC_C_LANGUAGE_STANDARD = gnu99;
				GCC_DYNAMIC_NO_PIC = NO;
				GCC_OPTIMIZATION_LEVEL = 0;
				GCC_PREPROCESSOR_DEFINITIONS = (
					"DEBUG=1",
					"$(inherited)",
					"APP_ENV=TEST",
				);
				GCC_SYMBOLS_PRIVATE_EXTERN = NO;
				GCC_VERSION = com.apple.compilers.llvm.clang.1_0;
				GCC_WARN_ABOUT_RETURN_TYPE = YES;
				GCC_WARN_UNINITIALIZED_AUTOS = YES;
				GCC_WARN_UNUSED_VARIABLE = YES;
				IPHONEOS_DEPLOYMENT_TARGET = 6.0;
				SDKROOT = iphoneos;
				TARGETED_DEVICE_FAMILY = "1,2";
			};
			name = Test;
		};
		B516A043161DF74200736C70 /* Test */ = {
			isa = XCBuildConfiguration;
			baseConfigurationReference = 62B3D712213645408B3D1811 /* Pods.xcconfig */;
			buildSettings = {
				GCC_PRECOMPILE_PREFIX_HEADER = YES;
				GCC_PREFIX_HEADER = "prophets-ios/prophets-ios-Prefix.pch";
				GCC_PREPROCESSOR_DEFINITIONS = "$(inherited)";
				HEADER_SEARCH_PATHS = "$(inherited)";
				INFOPLIST_FILE = "prophets-ios/prophets-ios-Info.plist";
				OTHER_LDFLAGS = (
					"-all_load",
					"$(inherited)",
				);
				PRODUCT_NAME = "$(TARGET_NAME)";
				WRAPPER_EXTENSION = app;
			};
			name = Test;
		};
		B516A044161DF74200736C70 /* Test */ = {
			isa = XCBuildConfiguration;
			baseConfigurationReference = 62B3D712213645408B3D1811 /* Pods.xcconfig */;
			buildSettings = {
				BUNDLE_LOADER = "$(BUILT_PRODUCTS_DIR)/prophets-ios.app/prophets-ios";
				FRAMEWORK_SEARCH_PATHS = (
					"\"$(SDKROOT)/Developer/Library/Frameworks\"",
					"\"$(DEVELOPER_LIBRARY_DIR)/Frameworks\"",
				);
				GCC_PRECOMPILE_PREFIX_HEADER = YES;
				GCC_PREFIX_HEADER = "prophets-ios/prophets-ios-Prefix.pch";
				GCC_PREPROCESSOR_DEFINITIONS = "$(inherited)";
				HEADER_SEARCH_PATHS = "$(inherited)";
				INFOPLIST_FILE = "prophets-iosTests/prophets-iosTests-Info.plist";
				LIBRARY_SEARCH_PATHS = (
					"$(inherited)",
					"\"$(SRCROOT)/prophets-iosTests\"",
				);
				OTHER_LDFLAGS = "";
				PRODUCT_NAME = "$(TARGET_NAME)";
				TEST_HOST = "$(BUNDLE_LOADER)";
				WRAPPER_EXTENSION = octest;
			};
			name = Test;
		};
		B5F1AEF9160388C700D28C1C /* Debug */ = {
			isa = XCBuildConfiguration;
			baseConfigurationReference = B5332392161F5ACA0094D2DF /* DevConfig.xcconfig */;
			buildSettings = {
				ALWAYS_SEARCH_USER_PATHS = NO;
				ARCHS = "$(ARCHS_STANDARD_32_BIT)";
				CLANG_CXX_LANGUAGE_STANDARD = "gnu++0x";
				CLANG_ENABLE_OBJC_ARC = YES;
				CLANG_WARN__DUPLICATE_METHOD_MATCH = YES;
				"CODE_SIGN_IDENTITY[sdk=iphoneos*]" = "iPhone Developer";
				COPY_PHASE_STRIP = NO;
				GCC_C_LANGUAGE_STANDARD = gnu99;
				GCC_DYNAMIC_NO_PIC = NO;
				GCC_OPTIMIZATION_LEVEL = 0;
				GCC_PREPROCESSOR_DEFINITIONS = (
					"DEBUG=1",
					"APP_ENV=DEV",
					"$(inherited)",
				);
				GCC_SYMBOLS_PRIVATE_EXTERN = NO;
				GCC_VERSION = com.apple.compilers.llvm.clang.1_0;
				GCC_WARN_ABOUT_RETURN_TYPE = YES;
				GCC_WARN_UNINITIALIZED_AUTOS = YES;
				GCC_WARN_UNUSED_VARIABLE = YES;
				IPHONEOS_DEPLOYMENT_TARGET = 6.0;
				SDKROOT = iphoneos;
				TARGETED_DEVICE_FAMILY = "1,2";
			};
			name = Debug;
		};
		B5F1AEFA160388C700D28C1C /* Release */ = {
			isa = XCBuildConfiguration;
			baseConfigurationReference = B5332393161F5CC90094D2DF /* ProdConfig.xcconfig */;
			buildSettings = {
				ALWAYS_SEARCH_USER_PATHS = NO;
				ARCHS = "$(ARCHS_STANDARD_32_BIT)";
				CLANG_CXX_LANGUAGE_STANDARD = "gnu++0x";
				CLANG_ENABLE_OBJC_ARC = YES;
				CLANG_WARN__DUPLICATE_METHOD_MATCH = YES;
				"CODE_SIGN_IDENTITY[sdk=iphoneos*]" = "iPhone Developer";
				COPY_PHASE_STRIP = YES;
				GCC_C_LANGUAGE_STANDARD = gnu99;
				GCC_PREPROCESSOR_DEFINITIONS = (
					"PRODUCTION=1",
					"APP_ENV=PROD",
				);
				GCC_VERSION = com.apple.compilers.llvm.clang.1_0;
				GCC_WARN_ABOUT_RETURN_TYPE = YES;
				GCC_WARN_UNINITIALIZED_AUTOS = YES;
				GCC_WARN_UNUSED_VARIABLE = YES;
				IPHONEOS_DEPLOYMENT_TARGET = 6.0;
				OTHER_CFLAGS = "-DNS_BLOCK_ASSERTIONS=1";
				SDKROOT = iphoneos;
				TARGETED_DEVICE_FAMILY = "1,2";
				VALIDATE_PRODUCT = YES;
			};
			name = Release;
		};
		B5F1AEFC160388C700D28C1C /* Debug */ = {
			isa = XCBuildConfiguration;
			baseConfigurationReference = 62B3D712213645408B3D1811 /* Pods.xcconfig */;
			buildSettings = {
				GCC_PRECOMPILE_PREFIX_HEADER = YES;
				GCC_PREFIX_HEADER = "prophets-ios/prophets-ios-Prefix.pch";
				GCC_PREPROCESSOR_DEFINITIONS = "$(inherited)";
				HEADER_SEARCH_PATHS = "$(inherited)";
				INFOPLIST_FILE = "prophets-ios/prophets-ios-Info.plist";
				OTHER_LDFLAGS = (
					"-all_load",
					"$(inherited)",
				);
				PRODUCT_NAME = "$(TARGET_NAME)";
				WRAPPER_EXTENSION = app;
			};
			name = Debug;
		};
		B5F1AEFD160388C700D28C1C /* Release */ = {
			isa = XCBuildConfiguration;
			baseConfigurationReference = 62B3D712213645408B3D1811 /* Pods.xcconfig */;
			buildSettings = {
				GCC_PRECOMPILE_PREFIX_HEADER = YES;
				GCC_PREFIX_HEADER = "prophets-ios/prophets-ios-Prefix.pch";
				GCC_PREPROCESSOR_DEFINITIONS = "$(inherited)";
				HEADER_SEARCH_PATHS = "$(inherited)";
				INFOPLIST_FILE = "prophets-ios/prophets-ios-Info.plist";
				OTHER_LDFLAGS = (
					"-all_load",
					"$(inherited)",
				);
				PRODUCT_NAME = "$(TARGET_NAME)";
				WRAPPER_EXTENSION = app;
			};
			name = Release;
		};
		B5F1AEFF160388C700D28C1C /* Debug */ = {
			isa = XCBuildConfiguration;
			baseConfigurationReference = 62B3D712213645408B3D1811 /* Pods.xcconfig */;
			buildSettings = {
				BUNDLE_LOADER = "$(BUILT_PRODUCTS_DIR)/prophets-ios.app/prophets-ios";
				FRAMEWORK_SEARCH_PATHS = (
					"\"$(SDKROOT)/Developer/Library/Frameworks\"",
					"\"$(DEVELOPER_LIBRARY_DIR)/Frameworks\"",
				);
				GCC_PRECOMPILE_PREFIX_HEADER = YES;
				GCC_PREFIX_HEADER = "prophets-ios/prophets-ios-Prefix.pch";
				GCC_PREPROCESSOR_DEFINITIONS = "$(inherited)";
				HEADER_SEARCH_PATHS = "$(inherited)";
				INFOPLIST_FILE = "prophets-iosTests/prophets-iosTests-Info.plist";
				LIBRARY_SEARCH_PATHS = (
					"$(inherited)",
					"\"$(SRCROOT)/prophets-iosTests\"",
				);
				OTHER_LDFLAGS = "";
				PRODUCT_NAME = "$(TARGET_NAME)";
				TEST_HOST = "$(BUNDLE_LOADER)";
				WRAPPER_EXTENSION = octest;
			};
			name = Debug;
		};
		B5F1AF00160388C700D28C1C /* Release */ = {
			isa = XCBuildConfiguration;
			baseConfigurationReference = 62B3D712213645408B3D1811 /* Pods.xcconfig */;
			buildSettings = {
				BUNDLE_LOADER = "$(BUILT_PRODUCTS_DIR)/prophets-ios.app/prophets-ios";
				FRAMEWORK_SEARCH_PATHS = (
					"\"$(SDKROOT)/Developer/Library/Frameworks\"",
					"\"$(DEVELOPER_LIBRARY_DIR)/Frameworks\"",
				);
				GCC_PRECOMPILE_PREFIX_HEADER = YES;
				GCC_PREFIX_HEADER = "prophets-ios/prophets-ios-Prefix.pch";
				GCC_PREPROCESSOR_DEFINITIONS = "$(inherited)";
				HEADER_SEARCH_PATHS = "$(inherited)";
				INFOPLIST_FILE = "prophets-iosTests/prophets-iosTests-Info.plist";
				LIBRARY_SEARCH_PATHS = (
					"$(inherited)",
					"\"$(SRCROOT)/prophets-iosTests\"",
				);
				OTHER_LDFLAGS = "";
				PRODUCT_NAME = "$(TARGET_NAME)";
				TEST_HOST = "$(BUNDLE_LOADER)";
				WRAPPER_EXTENSION = octest;
			};
			name = Release;
		};
/* End XCBuildConfiguration section */

/* Begin XCConfigurationList section */
		B5F1AEC2160388C600D28C1C /* Build configuration list for PBXProject "prophets-ios" */ = {
			isa = XCConfigurationList;
			buildConfigurations = (
				B5F1AEF9160388C700D28C1C /* Debug */,
				B516A042161DF74200736C70 /* Test */,
				B5F1AEFA160388C700D28C1C /* Release */,
				B516A03F161DF73E00736C70 /* Staging */,
			);
			defaultConfigurationIsVisible = 0;
			defaultConfigurationName = Release;
		};
		B5F1AEFB160388C700D28C1C /* Build configuration list for PBXNativeTarget "prophets-ios" */ = {
			isa = XCConfigurationList;
			buildConfigurations = (
				B5F1AEFC160388C700D28C1C /* Debug */,
				B516A043161DF74200736C70 /* Test */,
				B5F1AEFD160388C700D28C1C /* Release */,
				B516A040161DF73E00736C70 /* Staging */,
			);
			defaultConfigurationIsVisible = 0;
			defaultConfigurationName = Release;
		};
		B5F1AEFE160388C700D28C1C /* Build configuration list for PBXNativeTarget "prophets-iosTests" */ = {
			isa = XCConfigurationList;
			buildConfigurations = (
				B5F1AEFF160388C700D28C1C /* Debug */,
				B516A044161DF74200736C70 /* Test */,
				B5F1AF00160388C700D28C1C /* Release */,
				B516A041161DF73E00736C70 /* Staging */,
			);
			defaultConfigurationIsVisible = 0;
			defaultConfigurationName = Release;
		};
/* End XCConfigurationList section */

/* Begin XCVersionGroup section */
		B5F1AEE0160388C600D28C1C /* prophets_ios.xcdatamodeld */ = {
			isa = XCVersionGroup;
			children = (
				B5F1AEE1160388C600D28C1C /* prophets_ios.xcdatamodel */,
			);
			currentVersion = B5F1AEE1160388C600D28C1C /* prophets_ios.xcdatamodel */;
			name = prophets_ios.xcdatamodeld;
			path = "prophets-ios/prophets_ios.xcdatamodeld";
			sourceTree = "<group>";
			versionGroupType = wrapper.xcdatamodel;
		};
/* End XCVersionGroup section */
	};
	rootObject = B5F1AEBF160388C600D28C1C /* Project object */;
}
