// !$*UTF8*$!
{
	archiveVersion = 1;
	classes = {
	};
	objectVersion = 46;
	objects = {

/* Begin PBXBuildFile section */
		B56F40B5160A4D35007D445F /* FFMappingProvider.m in Sources */ = {isa = PBXBuildFile; fileRef = B56F40B4160A4D35007D445F /* FFMappingProvider.m */; };
		B56F40C1160A52AD007D445F /* ApplicationConstants.m in Sources */ = {isa = PBXBuildFile; fileRef = B56F40C0160A52AC007D445F /* ApplicationConstants.m */; };
		B56F40D3160A7829007D445F /* User.m in Sources */ = {isa = PBXBuildFile; fileRef = B56F40D2160A7828007D445F /* User.m */; };
		B56F40D7160A78F3007D445F /* League.m in Sources */ = {isa = PBXBuildFile; fileRef = B56F40D6160A78F3007D445F /* League.m */; };
		B56F40DA160A7914007D445F /* Question.m in Sources */ = {isa = PBXBuildFile; fileRef = B56F40D9160A7914007D445F /* Question.m */; };
		B56F40DD160A7939007D445F /* Answer.m in Sources */ = {isa = PBXBuildFile; fileRef = B56F40DC160A7939007D445F /* Answer.m */; };
		B56F40E0160A7949007D445F /* Bet.m in Sources */ = {isa = PBXBuildFile; fileRef = B56F40DF160A7949007D445F /* Bet.m */; };
		B56F40E3160A795B007D445F /* Membership.m in Sources */ = {isa = PBXBuildFile; fileRef = B56F40E2160A795A007D445F /* Membership.m */; };
		B5F1AECD160388C600D28C1C /* UIKit.framework in Frameworks */ = {isa = PBXBuildFile; fileRef = B5F1AECC160388C600D28C1C /* UIKit.framework */; };
		B5F1AECF160388C600D28C1C /* Foundation.framework in Frameworks */ = {isa = PBXBuildFile; fileRef = B5F1AECE160388C600D28C1C /* Foundation.framework */; };
		B5F1AED1160388C600D28C1C /* CoreGraphics.framework in Frameworks */ = {isa = PBXBuildFile; fileRef = B5F1AED0160388C600D28C1C /* CoreGraphics.framework */; };
		B5F1AED3160388C600D28C1C /* CoreData.framework in Frameworks */ = {isa = PBXBuildFile; fileRef = B5F1AED2160388C600D28C1C /* CoreData.framework */; };
		B5F1AED9160388C600D28C1C /* InfoPlist.strings in Resources */ = {isa = PBXBuildFile; fileRef = B5F1AED7160388C600D28C1C /* InfoPlist.strings */; };
		B5F1AEDB160388C600D28C1C /* main.m in Sources */ = {isa = PBXBuildFile; fileRef = B5F1AEDA160388C600D28C1C /* main.m */; };
		B5F1AEDF160388C600D28C1C /* AppDelegate.m in Sources */ = {isa = PBXBuildFile; fileRef = B5F1AEDE160388C600D28C1C /* AppDelegate.m */; };
		B5F1AEE2160388C600D28C1C /* prophets_ios.xcdatamodeld in Sources */ = {isa = PBXBuildFile; fileRef = B5F1AEE0160388C600D28C1C /* prophets_ios.xcdatamodeld */; };
		B5F1AEEA160388C700D28C1C /* SenTestingKit.framework in Frameworks */ = {isa = PBXBuildFile; fileRef = B5F1AEE9160388C700D28C1C /* SenTestingKit.framework */; };
		B5F1AEEB160388C700D28C1C /* UIKit.framework in Frameworks */ = {isa = PBXBuildFile; fileRef = B5F1AECC160388C600D28C1C /* UIKit.framework */; };
		B5F1AEEC160388C700D28C1C /* Foundation.framework in Frameworks */ = {isa = PBXBuildFile; fileRef = B5F1AECE160388C600D28C1C /* Foundation.framework */; };
		B5F1AEED160388C700D28C1C /* CoreData.framework in Frameworks */ = {isa = PBXBuildFile; fileRef = B5F1AED2160388C600D28C1C /* CoreData.framework */; };
		B5F1AEF5160388C700D28C1C /* InfoPlist.strings in Resources */ = {isa = PBXBuildFile; fileRef = B5F1AEF3160388C700D28C1C /* InfoPlist.strings */; };
		B5F1AEF8160388C700D28C1C /* prophets_iosTests.m in Sources */ = {isa = PBXBuildFile; fileRef = B5F1AEF7160388C700D28C1C /* prophets_iosTests.m */; };
		B5F1AF02160388E500D28C1C /* Storyboard_iPhone.storyboard in Resources */ = {isa = PBXBuildFile; fileRef = B5F1AF01160388E500D28C1C /* Storyboard_iPhone.storyboard */; };
		B5F1AF1A1603B81F00D28C1C /* libRestKit.a in Frameworks */ = {isa = PBXBuildFile; fileRef = B5F1AF0F1603B07100D28C1C /* libRestKit.a */; };
		B5F1AF1D1603B87600D28C1C /* CFNetwork.framework in Frameworks */ = {isa = PBXBuildFile; fileRef = B5F1AF1C1603B87600D28C1C /* CFNetwork.framework */; };
		B5F1AF1F1603B89500D28C1C /* MobileCoreServices.framework in Frameworks */ = {isa = PBXBuildFile; fileRef = B5F1AF1E1603B89500D28C1C /* MobileCoreServices.framework */; };
		B5F1AF211603B89D00D28C1C /* Security.framework in Frameworks */ = {isa = PBXBuildFile; fileRef = B5F1AF201603B89D00D28C1C /* Security.framework */; };
		B5F1AF231603B8A600D28C1C /* SystemConfiguration.framework in Frameworks */ = {isa = PBXBuildFile; fileRef = B5F1AF221603B8A600D28C1C /* SystemConfiguration.framework */; };
		B5F1AF251603B8B000D28C1C /* QuartzCore.framework in Frameworks */ = {isa = PBXBuildFile; fileRef = B5F1AF241603B8B000D28C1C /* QuartzCore.framework */; };
		B5F1AF271603B8BF00D28C1C /* libxml2.dylib in Frameworks */ = {isa = PBXBuildFile; fileRef = B5F1AF261603B8BF00D28C1C /* libxml2.dylib */; };
/* End PBXBuildFile section */

/* Begin PBXContainerItemProxy section */
		B5F1AEEE160388C700D28C1C /* PBXContainerItemProxy */ = {
			isa = PBXContainerItemProxy;
			containerPortal = B5F1AEBF160388C600D28C1C /* Project object */;
			proxyType = 1;
			remoteGlobalIDString = B5F1AEC7160388C600D28C1C;
			remoteInfo = "prophets-ios";
		};
		B5F1AF0E1603B07100D28C1C /* PBXContainerItemProxy */ = {
			isa = PBXContainerItemProxy;
			containerPortal = B5F1AF031603B07100D28C1C /* RestKit.xcodeproj */;
			proxyType = 2;
			remoteGlobalIDString = 25160D1614564E810060A5C5;
			remoteInfo = RestKit;
		};
		B5F1AF101603B07100D28C1C /* PBXContainerItemProxy */ = {
			isa = PBXContainerItemProxy;
			containerPortal = B5F1AF031603B07100D28C1C /* RestKit.xcodeproj */;
			proxyType = 2;
			remoteGlobalIDString = 25160D2614564E820060A5C5;
			remoteInfo = RestKitTests;
		};
		B5F1AF121603B07100D28C1C /* PBXContainerItemProxy */ = {
			isa = PBXContainerItemProxy;
			containerPortal = B5F1AF031603B07100D28C1C /* RestKit.xcodeproj */;
			proxyType = 2;
			remoteGlobalIDString = 25160E62145651060060A5C5;
			remoteInfo = RestKitFramework;
		};
		B5F1AF141603B07100D28C1C /* PBXContainerItemProxy */ = {
			isa = PBXContainerItemProxy;
			containerPortal = B5F1AF031603B07100D28C1C /* RestKit.xcodeproj */;
			proxyType = 2;
			remoteGlobalIDString = 25160E78145651060060A5C5;
			remoteInfo = RestKitFrameworkTests;
		};
		B5F1AF161603B07100D28C1C /* PBXContainerItemProxy */ = {
			isa = PBXContainerItemProxy;
			containerPortal = B5F1AF031603B07100D28C1C /* RestKit.xcodeproj */;
			proxyType = 2;
			remoteGlobalIDString = 259C301615128079003066A2;
			remoteInfo = RestKitResources;
		};
		B5F1AF181603B7CF00D28C1C /* PBXContainerItemProxy */ = {
			isa = PBXContainerItemProxy;
			containerPortal = B5F1AF031603B07100D28C1C /* RestKit.xcodeproj */;
			proxyType = 1;
			remoteGlobalIDString = 25160D1514564E810060A5C5;
			remoteInfo = RestKit;
		};
/* End PBXContainerItemProxy section */

/* Begin PBXFileReference section */
		B56F40B3160A4D35007D445F /* FFMappingProvider.h */ = {isa = PBXFileReference; fileEncoding = 4; lastKnownFileType = sourcecode.c.h; path = FFMappingProvider.h; sourceTree = "<group>"; };
		B56F40B4160A4D35007D445F /* FFMappingProvider.m */ = {isa = PBXFileReference; fileEncoding = 4; lastKnownFileType = sourcecode.c.objc; path = FFMappingProvider.m; sourceTree = "<group>"; };
		B56F40BF160A52AC007D445F /* ApplicationConstants.h */ = {isa = PBXFileReference; fileEncoding = 4; lastKnownFileType = sourcecode.c.h; path = ApplicationConstants.h; sourceTree = "<group>"; };
		B56F40C0160A52AC007D445F /* ApplicationConstants.m */ = {isa = PBXFileReference; fileEncoding = 4; lastKnownFileType = sourcecode.c.objc; path = ApplicationConstants.m; sourceTree = "<group>"; };
		B56F40D1160A7828007D445F /* User.h */ = {isa = PBXFileReference; fileEncoding = 4; lastKnownFileType = sourcecode.c.h; path = User.h; sourceTree = "<group>"; };
		B56F40D2160A7828007D445F /* User.m */ = {isa = PBXFileReference; fileEncoding = 4; lastKnownFileType = sourcecode.c.objc; path = User.m; sourceTree = "<group>"; };
		B56F40D5160A78F3007D445F /* League.h */ = {isa = PBXFileReference; fileEncoding = 4; lastKnownFileType = sourcecode.c.h; path = League.h; sourceTree = "<group>"; };
		B56F40D6160A78F3007D445F /* League.m */ = {isa = PBXFileReference; fileEncoding = 4; lastKnownFileType = sourcecode.c.objc; path = League.m; sourceTree = "<group>"; };
		B56F40D8160A7913007D445F /* Question.h */ = {isa = PBXFileReference; fileEncoding = 4; lastKnownFileType = sourcecode.c.h; path = Question.h; sourceTree = "<group>"; };
		B56F40D9160A7914007D445F /* Question.m */ = {isa = PBXFileReference; fileEncoding = 4; lastKnownFileType = sourcecode.c.objc; path = Question.m; sourceTree = "<group>"; };
		B56F40DB160A7939007D445F /* Answer.h */ = {isa = PBXFileReference; fileEncoding = 4; lastKnownFileType = sourcecode.c.h; path = Answer.h; sourceTree = "<group>"; };
		B56F40DC160A7939007D445F /* Answer.m */ = {isa = PBXFileReference; fileEncoding = 4; lastKnownFileType = sourcecode.c.objc; path = Answer.m; sourceTree = "<group>"; };
		B56F40DE160A7948007D445F /* Bet.h */ = {isa = PBXFileReference; fileEncoding = 4; lastKnownFileType = sourcecode.c.h; path = Bet.h; sourceTree = "<group>"; };
		B56F40DF160A7949007D445F /* Bet.m */ = {isa = PBXFileReference; fileEncoding = 4; lastKnownFileType = sourcecode.c.objc; path = Bet.m; sourceTree = "<group>"; };
		B56F40E1160A795A007D445F /* Membership.h */ = {isa = PBXFileReference; fileEncoding = 4; lastKnownFileType = sourcecode.c.h; path = Membership.h; sourceTree = "<group>"; };
		B56F40E2160A795A007D445F /* Membership.m */ = {isa = PBXFileReference; fileEncoding = 4; lastKnownFileType = sourcecode.c.objc; path = Membership.m; sourceTree = "<group>"; };
		B5F1AEC8160388C600D28C1C /* prophets-ios.app */ = {isa = PBXFileReference; explicitFileType = wrapper.application; includeInIndex = 0; path = "prophets-ios.app"; sourceTree = BUILT_PRODUCTS_DIR; };
		B5F1AECC160388C600D28C1C /* UIKit.framework */ = {isa = PBXFileReference; lastKnownFileType = wrapper.framework; name = UIKit.framework; path = System/Library/Frameworks/UIKit.framework; sourceTree = SDKROOT; };
		B5F1AECE160388C600D28C1C /* Foundation.framework */ = {isa = PBXFileReference; lastKnownFileType = wrapper.framework; name = Foundation.framework; path = System/Library/Frameworks/Foundation.framework; sourceTree = SDKROOT; };
		B5F1AED0160388C600D28C1C /* CoreGraphics.framework */ = {isa = PBXFileReference; lastKnownFileType = wrapper.framework; name = CoreGraphics.framework; path = System/Library/Frameworks/CoreGraphics.framework; sourceTree = SDKROOT; };
		B5F1AED2160388C600D28C1C /* CoreData.framework */ = {isa = PBXFileReference; lastKnownFileType = wrapper.framework; name = CoreData.framework; path = System/Library/Frameworks/CoreData.framework; sourceTree = SDKROOT; };
		B5F1AED6160388C600D28C1C /* prophets-ios-Info.plist */ = {isa = PBXFileReference; lastKnownFileType = text.plist.xml; path = "prophets-ios-Info.plist"; sourceTree = "<group>"; };
		B5F1AED8160388C600D28C1C /* en */ = {isa = PBXFileReference; lastKnownFileType = text.plist.strings; name = en; path = en.lproj/InfoPlist.strings; sourceTree = "<group>"; };
		B5F1AEDA160388C600D28C1C /* main.m */ = {isa = PBXFileReference; lastKnownFileType = sourcecode.c.objc; path = main.m; sourceTree = "<group>"; };
		B5F1AEDC160388C600D28C1C /* prophets-ios-Prefix.pch */ = {isa = PBXFileReference; lastKnownFileType = sourcecode.c.h; path = "prophets-ios-Prefix.pch"; sourceTree = "<group>"; };
		B5F1AEDD160388C600D28C1C /* AppDelegate.h */ = {isa = PBXFileReference; lastKnownFileType = sourcecode.c.h; path = AppDelegate.h; sourceTree = "<group>"; };
		B5F1AEDE160388C600D28C1C /* AppDelegate.m */ = {isa = PBXFileReference; lastKnownFileType = sourcecode.c.objc; path = AppDelegate.m; sourceTree = "<group>"; };
		B5F1AEE1160388C600D28C1C /* prophets_ios.xcdatamodel */ = {isa = PBXFileReference; lastKnownFileType = wrapper.xcdatamodel; path = prophets_ios.xcdatamodel; sourceTree = "<group>"; };
		B5F1AEE8160388C700D28C1C /* prophets-iosTests.octest */ = {isa = PBXFileReference; explicitFileType = wrapper.cfbundle; includeInIndex = 0; path = "prophets-iosTests.octest"; sourceTree = BUILT_PRODUCTS_DIR; };
		B5F1AEE9160388C700D28C1C /* SenTestingKit.framework */ = {isa = PBXFileReference; lastKnownFileType = wrapper.framework; name = SenTestingKit.framework; path = Library/Frameworks/SenTestingKit.framework; sourceTree = DEVELOPER_DIR; };
		B5F1AEF2160388C700D28C1C /* prophets-iosTests-Info.plist */ = {isa = PBXFileReference; lastKnownFileType = text.plist.xml; path = "prophets-iosTests-Info.plist"; sourceTree = "<group>"; };
		B5F1AEF4160388C700D28C1C /* en */ = {isa = PBXFileReference; lastKnownFileType = text.plist.strings; name = en; path = en.lproj/InfoPlist.strings; sourceTree = "<group>"; };
		B5F1AEF6160388C700D28C1C /* prophets_iosTests.h */ = {isa = PBXFileReference; lastKnownFileType = sourcecode.c.h; path = prophets_iosTests.h; sourceTree = "<group>"; };
		B5F1AEF7160388C700D28C1C /* prophets_iosTests.m */ = {isa = PBXFileReference; lastKnownFileType = sourcecode.c.objc; path = prophets_iosTests.m; sourceTree = "<group>"; };
		B5F1AF01160388E500D28C1C /* Storyboard_iPhone.storyboard */ = {isa = PBXFileReference; fileEncoding = 4; lastKnownFileType = file.storyboard; name = Storyboard_iPhone.storyboard; path = "prophets-ios/Storyboard_iPhone.storyboard"; sourceTree = "<group>"; };
		B5F1AF031603B07100D28C1C /* RestKit.xcodeproj */ = {isa = PBXFileReference; lastKnownFileType = "wrapper.pb-project"; name = RestKit.xcodeproj; path = RestKit/RestKit.xcodeproj; sourceTree = "<group>"; };
		B5F1AF1C1603B87600D28C1C /* CFNetwork.framework */ = {isa = PBXFileReference; lastKnownFileType = wrapper.framework; name = CFNetwork.framework; path = System/Library/Frameworks/CFNetwork.framework; sourceTree = SDKROOT; };
		B5F1AF1E1603B89500D28C1C /* MobileCoreServices.framework */ = {isa = PBXFileReference; lastKnownFileType = wrapper.framework; name = MobileCoreServices.framework; path = System/Library/Frameworks/MobileCoreServices.framework; sourceTree = SDKROOT; };
		B5F1AF201603B89D00D28C1C /* Security.framework */ = {isa = PBXFileReference; lastKnownFileType = wrapper.framework; name = Security.framework; path = System/Library/Frameworks/Security.framework; sourceTree = SDKROOT; };
		B5F1AF221603B8A600D28C1C /* SystemConfiguration.framework */ = {isa = PBXFileReference; lastKnownFileType = wrapper.framework; name = SystemConfiguration.framework; path = System/Library/Frameworks/SystemConfiguration.framework; sourceTree = SDKROOT; };
		B5F1AF241603B8B000D28C1C /* QuartzCore.framework */ = {isa = PBXFileReference; lastKnownFileType = wrapper.framework; name = QuartzCore.framework; path = System/Library/Frameworks/QuartzCore.framework; sourceTree = SDKROOT; };
		B5F1AF261603B8BF00D28C1C /* libxml2.dylib */ = {isa = PBXFileReference; lastKnownFileType = "compiled.mach-o.dylib"; name = libxml2.dylib; path = usr/lib/libxml2.dylib; sourceTree = SDKROOT; };
/* End PBXFileReference section */

/* Begin PBXFrameworksBuildPhase section */
		B5F1AEC5160388C600D28C1C /* Frameworks */ = {
			isa = PBXFrameworksBuildPhase;
			buildActionMask = 2147483647;
			files = (
				B5F1AF271603B8BF00D28C1C /* libxml2.dylib in Frameworks */,
				B5F1AF251603B8B000D28C1C /* QuartzCore.framework in Frameworks */,
				B5F1AF231603B8A600D28C1C /* SystemConfiguration.framework in Frameworks */,
				B5F1AF211603B89D00D28C1C /* Security.framework in Frameworks */,
				B5F1AF1F1603B89500D28C1C /* MobileCoreServices.framework in Frameworks */,
				B5F1AF1D1603B87600D28C1C /* CFNetwork.framework in Frameworks */,
				B5F1AF1A1603B81F00D28C1C /* libRestKit.a in Frameworks */,
				B5F1AECD160388C600D28C1C /* UIKit.framework in Frameworks */,
				B5F1AECF160388C600D28C1C /* Foundation.framework in Frameworks */,
				B5F1AED1160388C600D28C1C /* CoreGraphics.framework in Frameworks */,
				B5F1AED3160388C600D28C1C /* CoreData.framework in Frameworks */,
			);
			runOnlyForDeploymentPostprocessing = 0;
		};
		B5F1AEE4160388C700D28C1C /* Frameworks */ = {
			isa = PBXFrameworksBuildPhase;
			buildActionMask = 2147483647;
			files = (
				B5F1AEEA160388C700D28C1C /* SenTestingKit.framework in Frameworks */,
				B5F1AEEB160388C700D28C1C /* UIKit.framework in Frameworks */,
				B5F1AEEC160388C700D28C1C /* Foundation.framework in Frameworks */,
				B5F1AEED160388C700D28C1C /* CoreData.framework in Frameworks */,
			);
			runOnlyForDeploymentPostprocessing = 0;
		};
/* End PBXFrameworksBuildPhase section */

/* Begin PBXGroup section */
		B56F40B2160A3B5C007D445F /* Libraries */ = {
			isa = PBXGroup;
			children = (
				B5F1AF031603B07100D28C1C /* RestKit.xcodeproj */,
			);
			name = Libraries;
			sourceTree = "<group>";
		};
		B56F40B6160A4D4C007D445F /* Resources */ = {
			isa = PBXGroup;
			children = (
				B5F1AEE0160388C600D28C1C /* prophets_ios.xcdatamodeld */,
				B5F1AF01160388E500D28C1C /* Storyboard_iPhone.storyboard */,
				B5F1AED5160388C600D28C1C /* Supporting Files */,
			);
			name = Resources;
			sourceTree = "<group>";
		};
		B56F40D4160A7833007D445F /* Models */ = {
			isa = PBXGroup;
			children = (
				B56F40D1160A7828007D445F /* User.h */,
				B56F40D2160A7828007D445F /* User.m */,
				B56F40D5160A78F3007D445F /* League.h */,
				B56F40D6160A78F3007D445F /* League.m */,
				B56F40D8160A7913007D445F /* Question.h */,
				B56F40D9160A7914007D445F /* Question.m */,
				B56F40DB160A7939007D445F /* Answer.h */,
				B56F40DC160A7939007D445F /* Answer.m */,
				B56F40DE160A7948007D445F /* Bet.h */,
				B56F40DF160A7949007D445F /* Bet.m */,
				B56F40E1160A795A007D445F /* Membership.h */,
				B56F40E2160A795A007D445F /* Membership.m */,
			);
			name = Models;
			sourceTree = "<group>";
		};
		B56F40E4160A87CC007D445F /* Application */ = {
			isa = PBXGroup;
			children = (
			);
			name = Application;
			sourceTree = "<group>";
		};
		B56F40E5160A87D4007D445F /* Logic */ = {
			isa = PBXGroup;
			children = (
				B56F40E6160A87D8007D445F /* Models */,
			);
			name = Logic;
			sourceTree = "<group>";
		};
		B56F40E6160A87D8007D445F /* Models */ = {
			isa = PBXGroup;
			children = (
			);
			name = Models;
			sourceTree = "<group>";
		};
		B5F1AEBD160388C600D28C1C = {
			isa = PBXGroup;
			children = (
				B5F1AED4160388C600D28C1C /* prophets-ios */,
				B56F40B6160A4D4C007D445F /* Resources */,
				B5F1AEF0160388C700D28C1C /* prophets-iosTests */,
				B56F40B2160A3B5C007D445F /* Libraries */,
				B5F1AECB160388C600D28C1C /* Frameworks */,
				B5F1AEC9160388C600D28C1C /* Products */,
			);
			sourceTree = "<group>";
		};
		B5F1AEC9160388C600D28C1C /* Products */ = {
			isa = PBXGroup;
			children = (
				B5F1AEC8160388C600D28C1C /* prophets-ios.app */,
				B5F1AEE8160388C700D28C1C /* prophets-iosTests.octest */,
			);
			name = Products;
			sourceTree = "<group>";
		};
		B5F1AECB160388C600D28C1C /* Frameworks */ = {
			isa = PBXGroup;
			children = (
				B5F1AF261603B8BF00D28C1C /* libxml2.dylib */,
				B5F1AF241603B8B000D28C1C /* QuartzCore.framework */,
				B5F1AF221603B8A600D28C1C /* SystemConfiguration.framework */,
				B5F1AF201603B89D00D28C1C /* Security.framework */,
				B5F1AF1E1603B89500D28C1C /* MobileCoreServices.framework */,
				B5F1AF1C1603B87600D28C1C /* CFNetwork.framework */,
				B5F1AECC160388C600D28C1C /* UIKit.framework */,
				B5F1AECE160388C600D28C1C /* Foundation.framework */,
				B5F1AED0160388C600D28C1C /* CoreGraphics.framework */,
				B5F1AED2160388C600D28C1C /* CoreData.framework */,
				B5F1AEE9160388C700D28C1C /* SenTestingKit.framework */,
			);
			name = Frameworks;
			sourceTree = "<group>";
		};
		B5F1AED4160388C600D28C1C /* prophets-ios */ = {
			isa = PBXGroup;
			children = (
				B56F40D4160A7833007D445F /* Models */,
				B56F40B3160A4D35007D445F /* FFMappingProvider.h */,
				B56F40B4160A4D35007D445F /* FFMappingProvider.m */,
				B56F40BF160A52AC007D445F /* ApplicationConstants.h */,
				B56F40C0160A52AC007D445F /* ApplicationConstants.m */,
				B5F1AEDD160388C600D28C1C /* AppDelegate.h */,
				B5F1AEDE160388C600D28C1C /* AppDelegate.m */,
				B5F1AEDC160388C600D28C1C /* prophets-ios-Prefix.pch */,
			);
			path = "prophets-ios";
			sourceTree = "<group>";
		};
		B5F1AED5160388C600D28C1C /* Supporting Files */ = {
			isa = PBXGroup;
			children = (
				B5F1AED6160388C600D28C1C /* prophets-ios-Info.plist */,
				B5F1AED7160388C600D28C1C /* InfoPlist.strings */,
				B5F1AEDA160388C600D28C1C /* main.m */,
			);
			name = "Supporting Files";
			path = "prophets-ios";
			sourceTree = "<group>";
		};
		B5F1AEF0160388C700D28C1C /* prophets-iosTests */ = {
			isa = PBXGroup;
			children = (
				B56F40E5160A87D4007D445F /* Logic */,
				B56F40E4160A87CC007D445F /* Application */,
				B5F1AEF6160388C700D28C1C /* prophets_iosTests.h */,
				B5F1AEF7160388C700D28C1C /* prophets_iosTests.m */,
				B5F1AEF1160388C700D28C1C /* Supporting Files */,
			);
			path = "prophets-iosTests";
			sourceTree = "<group>";
		};
		B5F1AEF1160388C700D28C1C /* Supporting Files */ = {
			isa = PBXGroup;
			children = (
				B5F1AEF2160388C700D28C1C /* prophets-iosTests-Info.plist */,
				B5F1AEF3160388C700D28C1C /* InfoPlist.strings */,
			);
			name = "Supporting Files";
			sourceTree = "<group>";
		};
		B5F1AF041603B07100D28C1C /* Products */ = {
			isa = PBXGroup;
			children = (
				B5F1AF0F1603B07100D28C1C /* libRestKit.a */,
				B5F1AF111603B07100D28C1C /* RestKitTests.octest */,
				B5F1AF131603B07100D28C1C /* RestKit.framework */,
				B5F1AF151603B07100D28C1C /* RestKitFrameworkTests.octest */,
				B5F1AF171603B07100D28C1C /* RestKitResources.bundle */,
			);
			name = Products;
			sourceTree = "<group>";
		};
/* End PBXGroup section */

/* Begin PBXNativeTarget section */
		B5F1AEC7160388C600D28C1C /* prophets-ios */ = {
			isa = PBXNativeTarget;
			buildConfigurationList = B5F1AEFB160388C700D28C1C /* Build configuration list for PBXNativeTarget "prophets-ios" */;
			buildPhases = (
				B5F1AEC4160388C600D28C1C /* Sources */,
				B5F1AEC5160388C600D28C1C /* Frameworks */,
				B5F1AEC6160388C600D28C1C /* Resources */,
			);
			buildRules = (
			);
			dependencies = (
				B5F1AF191603B7CF00D28C1C /* PBXTargetDependency */,
			);
			name = "prophets-ios";
			productName = "prophets-ios";
			productReference = B5F1AEC8160388C600D28C1C /* prophets-ios.app */;
			productType = "com.apple.product-type.application";
		};
		B5F1AEE7160388C700D28C1C /* prophets-iosTests */ = {
			isa = PBXNativeTarget;
			buildConfigurationList = B5F1AEFE160388C700D28C1C /* Build configuration list for PBXNativeTarget "prophets-iosTests" */;
			buildPhases = (
				B5F1AEE3160388C700D28C1C /* Sources */,
				B5F1AEE4160388C700D28C1C /* Frameworks */,
				B5F1AEE5160388C700D28C1C /* Resources */,
				B5F1AEE6160388C700D28C1C /* ShellScript */,
			);
			buildRules = (
			);
			dependencies = (
				B5F1AEEF160388C700D28C1C /* PBXTargetDependency */,
			);
			name = "prophets-iosTests";
			productName = "prophets-iosTests";
			productReference = B5F1AEE8160388C700D28C1C /* prophets-iosTests.octest */;
			productType = "com.apple.product-type.bundle";
		};
/* End PBXNativeTarget section */

/* Begin PBXProject section */
		B5F1AEBF160388C600D28C1C /* Project object */ = {
			isa = PBXProject;
			attributes = {
				LastUpgradeCheck = 0440;
				ORGANIZATIONNAME = "Benjamin Roesch";
			};
			buildConfigurationList = B5F1AEC2160388C600D28C1C /* Build configuration list for PBXProject "prophets-ios" */;
			compatibilityVersion = "Xcode 3.2";
			developmentRegion = English;
			hasScannedForEncodings = 0;
			knownRegions = (
				en,
			);
			mainGroup = B5F1AEBD160388C600D28C1C;
			productRefGroup = B5F1AEC9160388C600D28C1C /* Products */;
			projectDirPath = "";
			projectReferences = (
				{
					ProductGroup = B5F1AF041603B07100D28C1C /* Products */;
					ProjectRef = B5F1AF031603B07100D28C1C /* RestKit.xcodeproj */;
				},
			);
			projectRoot = "";
			targets = (
				B5F1AEC7160388C600D28C1C /* prophets-ios */,
				B5F1AEE7160388C700D28C1C /* prophets-iosTests */,
			);
		};
/* End PBXProject section */

/* Begin PBXReferenceProxy section */
		B5F1AF0F1603B07100D28C1C /* libRestKit.a */ = {
			isa = PBXReferenceProxy;
			fileType = archive.ar;
			path = libRestKit.a;
			remoteRef = B5F1AF0E1603B07100D28C1C /* PBXContainerItemProxy */;
			sourceTree = BUILT_PRODUCTS_DIR;
		};
		B5F1AF111603B07100D28C1C /* RestKitTests.octest */ = {
			isa = PBXReferenceProxy;
			fileType = wrapper.cfbundle;
			path = RestKitTests.octest;
			remoteRef = B5F1AF101603B07100D28C1C /* PBXContainerItemProxy */;
			sourceTree = BUILT_PRODUCTS_DIR;
		};
		B5F1AF131603B07100D28C1C /* RestKit.framework */ = {
			isa = PBXReferenceProxy;
			fileType = wrapper.framework;
			path = RestKit.framework;
			remoteRef = B5F1AF121603B07100D28C1C /* PBXContainerItemProxy */;
			sourceTree = BUILT_PRODUCTS_DIR;
		};
		B5F1AF151603B07100D28C1C /* RestKitFrameworkTests.octest */ = {
			isa = PBXReferenceProxy;
			fileType = wrapper.cfbundle;
			path = RestKitFrameworkTests.octest;
			remoteRef = B5F1AF141603B07100D28C1C /* PBXContainerItemProxy */;
			sourceTree = BUILT_PRODUCTS_DIR;
		};
		B5F1AF171603B07100D28C1C /* RestKitResources.bundle */ = {
			isa = PBXReferenceProxy;
			fileType = wrapper.cfbundle;
			path = RestKitResources.bundle;
			remoteRef = B5F1AF161603B07100D28C1C /* PBXContainerItemProxy */;
			sourceTree = BUILT_PRODUCTS_DIR;
		};
/* End PBXReferenceProxy section */

/* Begin PBXResourcesBuildPhase section */
		B5F1AEC6160388C600D28C1C /* Resources */ = {
			isa = PBXResourcesBuildPhase;
			buildActionMask = 2147483647;
			files = (
				B5F1AED9160388C600D28C1C /* InfoPlist.strings in Resources */,
				B5F1AF02160388E500D28C1C /* Storyboard_iPhone.storyboard in Resources */,
			);
			runOnlyForDeploymentPostprocessing = 0;
		};
		B5F1AEE5160388C700D28C1C /* Resources */ = {
			isa = PBXResourcesBuildPhase;
			buildActionMask = 2147483647;
			files = (
				B5F1AEF5160388C700D28C1C /* InfoPlist.strings in Resources */,
			);
			runOnlyForDeploymentPostprocessing = 0;
		};
/* End PBXResourcesBuildPhase section */

/* Begin PBXShellScriptBuildPhase section */
		B5F1AEE6160388C700D28C1C /* ShellScript */ = {
			isa = PBXShellScriptBuildPhase;
			buildActionMask = 2147483647;
			files = (
			);
			inputPaths = (
			);
			outputPaths = (
			);
			runOnlyForDeploymentPostprocessing = 0;
			shellPath = /bin/sh;
			shellScript = "# Run the unit tests in this test bundle.\n\"${SYSTEM_DEVELOPER_DIR}/Tools/RunUnitTests\"\n";
		};
/* End PBXShellScriptBuildPhase section */

/* Begin PBXSourcesBuildPhase section */
		B5F1AEC4160388C600D28C1C /* Sources */ = {
			isa = PBXSourcesBuildPhase;
			buildActionMask = 2147483647;
			files = (
				B5F1AEDB160388C600D28C1C /* main.m in Sources */,
				B5F1AEDF160388C600D28C1C /* AppDelegate.m in Sources */,
				B5F1AEE2160388C600D28C1C /* prophets_ios.xcdatamodeld in Sources */,
				B56F40B5160A4D35007D445F /* FFMappingProvider.m in Sources */,
				B56F40C1160A52AD007D445F /* ApplicationConstants.m in Sources */,
				B56F40D3160A7829007D445F /* User.m in Sources */,
				B56F40D7160A78F3007D445F /* League.m in Sources */,
				B56F40DA160A7914007D445F /* Question.m in Sources */,
				B56F40DD160A7939007D445F /* Answer.m in Sources */,
				B56F40E0160A7949007D445F /* Bet.m in Sources */,
				B56F40E3160A795B007D445F /* Membership.m in Sources */,
			);
			runOnlyForDeploymentPostprocessing = 0;
		};
		B5F1AEE3160388C700D28C1C /* Sources */ = {
			isa = PBXSourcesBuildPhase;
			buildActionMask = 2147483647;
			files = (
				B5F1AEF8160388C700D28C1C /* prophets_iosTests.m in Sources */,
			);
			runOnlyForDeploymentPostprocessing = 0;
		};
/* End PBXSourcesBuildPhase section */

/* Begin PBXTargetDependency section */
		B5F1AEEF160388C700D28C1C /* PBXTargetDependency */ = {
			isa = PBXTargetDependency;
			target = B5F1AEC7160388C600D28C1C /* prophets-ios */;
			targetProxy = B5F1AEEE160388C700D28C1C /* PBXContainerItemProxy */;
		};
		B5F1AF191603B7CF00D28C1C /* PBXTargetDependency */ = {
			isa = PBXTargetDependency;
			name = RestKit;
			targetProxy = B5F1AF181603B7CF00D28C1C /* PBXContainerItemProxy */;
		};
/* End PBXTargetDependency section */

/* Begin PBXVariantGroup section */
		B5F1AED7160388C600D28C1C /* InfoPlist.strings */ = {
			isa = PBXVariantGroup;
			children = (
				B5F1AED8160388C600D28C1C /* en */,
			);
			name = InfoPlist.strings;
			sourceTree = "<group>";
		};
		B5F1AEF3160388C700D28C1C /* InfoPlist.strings */ = {
			isa = PBXVariantGroup;
			children = (
				B5F1AEF4160388C700D28C1C /* en */,
			);
			name = InfoPlist.strings;
			sourceTree = "<group>";
		};
/* End PBXVariantGroup section */

/* Begin XCBuildConfiguration section */
		B5F1AEF9160388C700D28C1C /* Debug */ = {
			isa = XCBuildConfiguration;
			buildSettings = {
				ALWAYS_SEARCH_USER_PATHS = NO;
				ARCHS = "$(ARCHS_STANDARD_32_BIT)";
				CLANG_CXX_LANGUAGE_STANDARD = "gnu++0x";
				CLANG_ENABLE_OBJC_ARC = YES;
				CLANG_WARN__DUPLICATE_METHOD_MATCH = YES;
				"CODE_SIGN_IDENTITY[sdk=iphoneos*]" = "iPhone Developer";
				COPY_PHASE_STRIP = NO;
				GCC_C_LANGUAGE_STANDARD = gnu99;
				GCC_DYNAMIC_NO_PIC = NO;
				GCC_OPTIMIZATION_LEVEL = 0;
				GCC_PREPROCESSOR_DEFINITIONS = (
					"DEBUG=1",
					"$(inherited)",
				);
				GCC_SYMBOLS_PRIVATE_EXTERN = NO;
				GCC_VERSION = com.apple.compilers.llvm.clang.1_0;
				GCC_WARN_ABOUT_RETURN_TYPE = YES;
				GCC_WARN_UNINITIALIZED_AUTOS = YES;
				GCC_WARN_UNUSED_VARIABLE = YES;
				IPHONEOS_DEPLOYMENT_TARGET = 5.1;
				SDKROOT = iphoneos;
				TARGETED_DEVICE_FAMILY = "1,2";
			};
			name = Debug;
		};
		B5F1AEFA160388C700D28C1C /* Release */ = {
			isa = XCBuildConfiguration;
			buildSettings = {
				ALWAYS_SEARCH_USER_PATHS = NO;
				ARCHS = "$(ARCHS_STANDARD_32_BIT)";
				CLANG_CXX_LANGUAGE_STANDARD = "gnu++0x";
				CLANG_ENABLE_OBJC_ARC = YES;
				CLANG_WARN__DUPLICATE_METHOD_MATCH = YES;
				"CODE_SIGN_IDENTITY[sdk=iphoneos*]" = "iPhone Developer";
				COPY_PHASE_STRIP = YES;
				GCC_C_LANGUAGE_STANDARD = gnu99;
				GCC_VERSION = com.apple.compilers.llvm.clang.1_0;
				GCC_WARN_ABOUT_RETURN_TYPE = YES;
				GCC_WARN_UNINITIALIZED_AUTOS = YES;
				GCC_WARN_UNUSED_VARIABLE = YES;
				IPHONEOS_DEPLOYMENT_TARGET = 5.1;
				OTHER_CFLAGS = "-DNS_BLOCK_ASSERTIONS=1";
				SDKROOT = iphoneos;
				TARGETED_DEVICE_FAMILY = "1,2";
				VALIDATE_PRODUCT = YES;
			};
			name = Release;
		};
		B5F1AEFC160388C700D28C1C /* Debug */ = {
			isa = XCBuildConfiguration;
			buildSettings = {
				GCC_PRECOMPILE_PREFIX_HEADER = YES;
				GCC_PREFIX_HEADER = "prophets-ios/prophets-ios-Prefix.pch";
				HEADER_SEARCH_PATHS = "\"$(BUILT_PRODUCTS_DIR)/../../Headers\"";
				INFOPLIST_FILE = "prophets-ios/prophets-ios-Info.plist";
				OTHER_LDFLAGS = (
					"-ObjC",
					"-all_load",
				);
				PRODUCT_NAME = "$(TARGET_NAME)";
				WRAPPER_EXTENSION = app;
			};
			name = Debug;
		};
		B5F1AEFD160388C700D28C1C /* Release */ = {
			isa = XCBuildConfiguration;
			buildSettings = {
				GCC_PRECOMPILE_PREFIX_HEADER = YES;
				GCC_PREFIX_HEADER = "prophets-ios/prophets-ios-Prefix.pch";
				HEADER_SEARCH_PATHS = "\"$(BUILT_PRODUCTS_DIR)/../../Headers\"";
				INFOPLIST_FILE = "prophets-ios/prophets-ios-Info.plist";
				OTHER_LDFLAGS = (
					"-ObjC",
					"-all_load",
				);
				PRODUCT_NAME = "$(TARGET_NAME)";
				WRAPPER_EXTENSION = app;
			};
			name = Release;
		};
		B5F1AEFF160388C700D28C1C /* Debug */ = {
			isa = XCBuildConfiguration;
			buildSettings = {
				BUNDLE_LOADER = "$(BUILT_PRODUCTS_DIR)/prophets-ios.app/prophets-ios";
				FRAMEWORK_SEARCH_PATHS = (
					"\"$(SDKROOT)/Developer/Library/Frameworks\"",
					"\"$(DEVELOPER_LIBRARY_DIR)/Frameworks\"",
				);
				GCC_PRECOMPILE_PREFIX_HEADER = YES;
				GCC_PREFIX_HEADER = "prophets-ios/prophets-ios-Prefix.pch";
				INFOPLIST_FILE = "prophets-iosTests/prophets-iosTests-Info.plist";
				PRODUCT_NAME = "$(TARGET_NAME)";
				TEST_HOST = "$(BUNDLE_LOADER)";
				WRAPPER_EXTENSION = octest;
			};
			name = Debug;
		};
		B5F1AF00160388C700D28C1C /* Release */ = {
			isa = XCBuildConfiguration;
			buildSettings = {
				BUNDLE_LOADER = "$(BUILT_PRODUCTS_DIR)/prophets-ios.app/prophets-ios";
				FRAMEWORK_SEARCH_PATHS = (
					"\"$(SDKROOT)/Developer/Library/Frameworks\"",
					"\"$(DEVELOPER_LIBRARY_DIR)/Frameworks\"",
				);
				GCC_PRECOMPILE_PREFIX_HEADER = YES;
				GCC_PREFIX_HEADER = "prophets-ios/prophets-ios-Prefix.pch";
				INFOPLIST_FILE = "prophets-iosTests/prophets-iosTests-Info.plist";
				PRODUCT_NAME = "$(TARGET_NAME)";
				TEST_HOST = "$(BUNDLE_LOADER)";
				WRAPPER_EXTENSION = octest;
			};
			name = Release;
		};
/* End XCBuildConfiguration section */

/* Begin XCConfigurationList section */
		B5F1AEC2160388C600D28C1C /* Build configuration list for PBXProject "prophets-ios" */ = {
			isa = XCConfigurationList;
			buildConfigurations = (
				B5F1AEF9160388C700D28C1C /* Debug */,
				B5F1AEFA160388C700D28C1C /* Release */,
			);
			defaultConfigurationIsVisible = 0;
			defaultConfigurationName = Release;
		};
		B5F1AEFB160388C700D28C1C /* Build configuration list for PBXNativeTarget "prophets-ios" */ = {
			isa = XCConfigurationList;
			buildConfigurations = (
				B5F1AEFC160388C700D28C1C /* Debug */,
				B5F1AEFD160388C700D28C1C /* Release */,
			);
			defaultConfigurationIsVisible = 0;
			defaultConfigurationName = Release;
		};
		B5F1AEFE160388C700D28C1C /* Build configuration list for PBXNativeTarget "prophets-iosTests" */ = {
			isa = XCConfigurationList;
			buildConfigurations = (
				B5F1AEFF160388C700D28C1C /* Debug */,
				B5F1AF00160388C700D28C1C /* Release */,
			);
			defaultConfigurationIsVisible = 0;
			defaultConfigurationName = Release;
		};
/* End XCConfigurationList section */

/* Begin XCVersionGroup section */
		B5F1AEE0160388C600D28C1C /* prophets_ios.xcdatamodeld */ = {
			isa = XCVersionGroup;
			children = (
				B5F1AEE1160388C600D28C1C /* prophets_ios.xcdatamodel */,
			);
			currentVersion = B5F1AEE1160388C600D28C1C /* prophets_ios.xcdatamodel */;
			name = prophets_ios.xcdatamodeld;
			path = "prophets-ios/prophets_ios.xcdatamodeld";
			sourceTree = "<group>";
			versionGroupType = wrapper.xcdatamodel;
		};
/* End XCVersionGroup section */
	};
	rootObject = B5F1AEBF160388C600D28C1C /* Project object */;
}
